// !$*UTF8*$!
{
	archiveVersion = 1;
	classes = {
	};
	objectVersion = 46;
	objects = {

/* Begin PBXBuildFile section */
		E4097EF21AA8B4D500CB7355 /* FileParser.cpp in Sources */ = {isa = PBXBuildFile; fileRef = E4097EF01AA8B4D500CB7355 /* FileParser.cpp */; };
		E4097EF51AA8B96300CB7355 /* StaticAnalyzer.cpp in Sources */ = {isa = PBXBuildFile; fileRef = E4097EF31AA8B96200CB7355 /* StaticAnalyzer.cpp */; };
		E4478C671B7B8CB400291BD9 /* Type.cpp in Sources */ = {isa = PBXBuildFile; fileRef = E4478C661B7B8CB400291BD9 /* Type.cpp */; };
		E44E14E41BED2B2F00ACC112 /* Reporter.cpp in Sources */ = {isa = PBXBuildFile; fileRef = E44E14E31BED2B2F00ACC112 /* Reporter.cpp */; };
		E45DB8141CB44D7500AE6FBE /* Thread.c in Sources */ = {isa = PBXBuildFile; fileRef = E45DB8131CB44D7500AE6FBE /* Thread.c */; };
		E45FA2F61AA0D24200F032A8 /* main.cpp in Sources */ = {isa = PBXBuildFile; fileRef = E45FA2F51AA0D24200F032A8 /* main.cpp */; };
		E46395241CAEB49D001461C1 /* Package.cpp in Sources */ = {isa = PBXBuildFile; fileRef = E46395221CAEB49D001461C1 /* Package.cpp */; };
		E46A07301C3C79E5003DE2CD /* StaticFunctionAnalyzer.cpp in Sources */ = {isa = PBXBuildFile; fileRef = E46A072E1C3C79E5003DE2CD /* StaticFunctionAnalyzer.cpp */; };
		E479370E1C3A5B3200536258 /* Procedure.cpp in Sources */ = {isa = PBXBuildFile; fileRef = E479370D1C3A5B3200536258 /* Procedure.cpp */; };
		E4E95F601C89CED20072ECEB /* utf8.c in Sources */ = {isa = PBXBuildFile; fileRef = E4EEBA021C830209009E7089 /* utf8.c */; };
		E4EB362B1AA2254700675B52 /* Lexer.cpp in Sources */ = {isa = PBXBuildFile; fileRef = E4EB36291AA2254700675B52 /* Lexer.cpp */; };
		E4EB4A871AA315ED00FF4CED /* Writer.cpp in Sources */ = {isa = PBXBuildFile; fileRef = E4EB4A851AA315ED00FF4CED /* Writer.cpp */; };
		E4EB4A8D1AA32A5700FF4CED /* CompilerScope.cpp in Sources */ = {isa = PBXBuildFile; fileRef = E4F49AB41A5C365900A5FD48 /* CompilerScope.cpp */; };
		E4EEB9EC1C83014B009E7089 /* standard.c in Sources */ = {isa = PBXBuildFile; fileRef = E4EEB9EB1C83014B009E7089 /* standard.c */; };
		E4EEB9EE1C83015A009E7089 /* Class.c in Sources */ = {isa = PBXBuildFile; fileRef = E4EEB9ED1C83015A009E7089 /* Class.c */; };
		E4EEB9F01C83016C009E7089 /* Emojicode.c in Sources */ = {isa = PBXBuildFile; fileRef = E4EEB9EF1C83016C009E7089 /* Emojicode.c */; };
		E4EEB9F21C83018B009E7089 /* EmojicodeList.c in Sources */ = {isa = PBXBuildFile; fileRef = E4EEB9F11C83018B009E7089 /* EmojicodeList.c */; };
		E4EEB9F41C83018F009E7089 /* EmojicodeDictionary.c in Sources */ = {isa = PBXBuildFile; fileRef = E4EEB9F31C83018F009E7089 /* EmojicodeDictionary.c */; };
		E4EEB9F61C830194009E7089 /* EmojicodeString.c in Sources */ = {isa = PBXBuildFile; fileRef = E4EEB9F51C830194009E7089 /* EmojicodeString.c */; };
		E4EEB9F81C8301A5009E7089 /* JSON.c in Sources */ = {isa = PBXBuildFile; fileRef = E4EEB9F71C8301A5009E7089 /* JSON.c */; };
		E4EEB9FA1C8301B5009E7089 /* Reader.c in Sources */ = {isa = PBXBuildFile; fileRef = E4EEB9F91C8301B5009E7089 /* Reader.c */; };
		E4EEB9FF1C8301E7009E7089 /* Object.c in Sources */ = {isa = PBXBuildFile; fileRef = E4EEB9FE1C8301E7009E7089 /* Object.c */; };
		E4EEBA011C8301F7009E7089 /* Stack.c in Sources */ = {isa = PBXBuildFile; fileRef = E4EEBA001C8301F7009E7089 /* Stack.c */; };
		E4EEBA041C830209009E7089 /* utf8.c in Sources */ = {isa = PBXBuildFile; fileRef = E4EEBA021C830209009E7089 /* utf8.c */; };
		E4F9D4011AC6CEE3005A1DD6 /* Class.cpp in Sources */ = {isa = PBXBuildFile; fileRef = E4F9D4001AC6CEE3005A1DD6 /* Class.cpp */; };
/* End PBXBuildFile section */

/* Begin PBXCopyFilesBuildPhase section */
		E45FA2F11AA0D24200F032A8 /* CopyFiles */ = {
			isa = PBXCopyFilesBuildPhase;
			buildActionMask = 2147483647;
			dstPath = /usr/share/man/man1/;
			dstSubfolderSpec = 0;
			files = (
			);
			runOnlyForDeploymentPostprocessing = 1;
		};
		E4E404051A5B2E4300034386 /* CopyFiles */ = {
			isa = PBXCopyFilesBuildPhase;
			buildActionMask = 2147483647;
			dstPath = /usr/share/man/man1/;
			dstSubfolderSpec = 0;
			files = (
			);
			runOnlyForDeploymentPostprocessing = 1;
		};
/* End PBXCopyFilesBuildPhase section */

/* Begin PBXFileReference section */
		E4097EF01AA8B4D500CB7355 /* FileParser.cpp */ = {isa = PBXFileReference; fileEncoding = 4; lastKnownFileType = sourcecode.cpp.cpp; lineEnding = 0; path = FileParser.cpp; sourceTree = "<group>"; xcLanguageSpecificationIdentifier = xcode.lang.cpp; };
		E4097EF11AA8B4D500CB7355 /* FileParser.hpp */ = {isa = PBXFileReference; fileEncoding = 4; lastKnownFileType = sourcecode.cpp.h; lineEnding = 0; path = FileParser.hpp; sourceTree = "<group>"; xcLanguageSpecificationIdentifier = xcode.lang.objcpp; };
		E4097EF31AA8B96200CB7355 /* StaticAnalyzer.cpp */ = {isa = PBXFileReference; fileEncoding = 4; lastKnownFileType = sourcecode.cpp.cpp; lineEnding = 0; path = StaticAnalyzer.cpp; sourceTree = "<group>"; xcLanguageSpecificationIdentifier = xcode.lang.c; };
		E4097EF41AA8B96300CB7355 /* StaticAnalyzer.hpp */ = {isa = PBXFileReference; fileEncoding = 4; lastKnownFileType = sourcecode.cpp.h; path = StaticAnalyzer.hpp; sourceTree = "<group>"; };
		E425EE9F1A6433A700F3A62B /* EmojicodeAPI.h */ = {isa = PBXFileReference; lastKnownFileType = sourcecode.c.h; lineEnding = 0; path = EmojicodeAPI.h; sourceTree = SOURCE_ROOT; };
		E43387CA1C41308500B23165 /* Class.hpp */ = {isa = PBXFileReference; lastKnownFileType = sourcecode.cpp.h; path = Class.hpp; sourceTree = "<group>"; };
		E4442C6B1C31C74A00151317 /* Emojis.h */ = {isa = PBXFileReference; lastKnownFileType = sourcecode.c.h; path = Emojis.h; sourceTree = "<group>"; };
		E4442C6C1C327D0C00151317 /* Type.hpp */ = {isa = PBXFileReference; lastKnownFileType = sourcecode.cpp.h; path = Type.hpp; sourceTree = "<group>"; };
		E4478C661B7B8CB400291BD9 /* Type.cpp */ = {isa = PBXFileReference; fileEncoding = 4; lastKnownFileType = sourcecode.cpp.cpp; path = Type.cpp; sourceTree = "<group>"; };
		E44E14E31BED2B2F00ACC112 /* Reporter.cpp */ = {isa = PBXFileReference; fileEncoding = 4; lastKnownFileType = sourcecode.cpp.cpp; path = Reporter.cpp; sourceTree = "<group>"; };
		E455BC671B5BEB82002411C8 /* EmojicodeShared.h */ = {isa = PBXFileReference; lastKnownFileType = sourcecode.c.h; path = EmojicodeShared.h; sourceTree = "<group>"; };
		E45DB8131CB44D7500AE6FBE /* Thread.c */ = {isa = PBXFileReference; fileEncoding = 4; lastKnownFileType = sourcecode.c.c; name = Thread.c; path = "EmojicodeReal-TimeEngine/Thread.c"; sourceTree = SOURCE_ROOT; };
		E45FA2F31AA0D24200F032A8 /* EmojicodeCompiler */ = {isa = PBXFileReference; explicitFileType = "compiled.mach-o.executable"; includeInIndex = 0; path = EmojicodeCompiler; sourceTree = BUILT_PRODUCTS_DIR; };
		E45FA2F51AA0D24200F032A8 /* main.cpp */ = {isa = PBXFileReference; lastKnownFileType = sourcecode.cpp.cpp; lineEnding = 0; path = main.cpp; sourceTree = "<group>"; xcLanguageSpecificationIdentifier = xcode.lang.c; };
		E46395221CAEB49D001461C1 /* Package.cpp */ = {isa = PBXFileReference; fileEncoding = 4; lastKnownFileType = sourcecode.cpp.cpp; path = Package.cpp; sourceTree = "<group>"; };
		E46395231CAEB49D001461C1 /* Package.hpp */ = {isa = PBXFileReference; fileEncoding = 4; lastKnownFileType = sourcecode.cpp.h; path = Package.hpp; sourceTree = "<group>"; };
		E46A072D1C3C243D003DE2CD /* Lexer.hpp */ = {isa = PBXFileReference; lastKnownFileType = sourcecode.cpp.h; path = Lexer.hpp; sourceTree = "<group>"; };
		E46A072E1C3C79E5003DE2CD /* StaticFunctionAnalyzer.cpp */ = {isa = PBXFileReference; fileEncoding = 4; lastKnownFileType = sourcecode.cpp.cpp; lineEnding = 0; path = StaticFunctionAnalyzer.cpp; sourceTree = "<group>"; xcLanguageSpecificationIdentifier = xcode.lang.cpp; };
		E46A072F1C3C79E5003DE2CD /* StaticFunctionAnalyzer.hpp */ = {isa = PBXFileReference; fileEncoding = 4; lastKnownFileType = sourcecode.cpp.h; path = StaticFunctionAnalyzer.hpp; sourceTree = "<group>"; };
		E479370D1C3A5B3200536258 /* Procedure.cpp */ = {isa = PBXFileReference; fileEncoding = 4; lastKnownFileType = sourcecode.cpp.cpp; path = Procedure.cpp; sourceTree = "<group>"; };
		E47937221C3ACBEC00536258 /* Procedure.hpp */ = {isa = PBXFileReference; lastKnownFileType = sourcecode.cpp.h; path = Procedure.hpp; sourceTree = "<group>"; };
		E4E404071A5B2E4300034386 /* Emojicode */ = {isa = PBXFileReference; explicitFileType = "compiled.mach-o.executable"; includeInIndex = 0; path = Emojicode; sourceTree = BUILT_PRODUCTS_DIR; };
		E4E404141A5B2E8F00034386 /* Emojicode.h */ = {isa = PBXFileReference; fileEncoding = 4; lastKnownFileType = sourcecode.c.h; lineEnding = 0; name = Emojicode.h; path = "EmojicodeReal-TimeEngine/Emojicode.h"; sourceTree = "<group>"; xcLanguageSpecificationIdentifier = xcode.lang.objcpp; };
		E4EB36291AA2254700675B52 /* Lexer.cpp */ = {isa = PBXFileReference; fileEncoding = 4; lastKnownFileType = sourcecode.cpp.cpp; lineEnding = 0; path = Lexer.cpp; sourceTree = "<group>"; xcLanguageSpecificationIdentifier = xcode.lang.c; };
		E4EB4A851AA315ED00FF4CED /* Writer.cpp */ = {isa = PBXFileReference; fileEncoding = 4; lastKnownFileType = sourcecode.cpp.cpp; lineEnding = 0; path = Writer.cpp; sourceTree = "<group>"; xcLanguageSpecificationIdentifier = xcode.lang.c; };
		E4EB4A861AA315ED00FF4CED /* Writer.hpp */ = {isa = PBXFileReference; fileEncoding = 4; lastKnownFileType = sourcecode.cpp.h; path = Writer.hpp; sourceTree = "<group>"; };
		E4EB4A881AA3166400FF4CED /* EmojicodeCompiler.hpp */ = {isa = PBXFileReference; lastKnownFileType = sourcecode.cpp.h; lineEnding = 0; path = EmojicodeCompiler.hpp; sourceTree = "<group>"; xcLanguageSpecificationIdentifier = xcode.lang.cpp; };
		E4EEB9EB1C83014B009E7089 /* standard.c */ = {isa = PBXFileReference; fileEncoding = 4; lastKnownFileType = sourcecode.c.c; name = standard.c; path = "EmojicodeReal-TimeEngine/standard.c"; sourceTree = SOURCE_ROOT; };
		E4EEB9ED1C83015A009E7089 /* Class.c */ = {isa = PBXFileReference; fileEncoding = 4; lastKnownFileType = sourcecode.c.c; name = Class.c; path = "EmojicodeReal-TimeEngine/Class.c"; sourceTree = SOURCE_ROOT; };
		E4EEB9EF1C83016C009E7089 /* Emojicode.c */ = {isa = PBXFileReference; fileEncoding = 4; lastKnownFileType = sourcecode.c.c; name = Emojicode.c; path = "EmojicodeReal-TimeEngine/Emojicode.c"; sourceTree = SOURCE_ROOT; };
		E4EEB9F11C83018B009E7089 /* EmojicodeList.c */ = {isa = PBXFileReference; fileEncoding = 4; lastKnownFileType = sourcecode.c.c; name = EmojicodeList.c; path = "EmojicodeReal-TimeEngine/EmojicodeList.c"; sourceTree = SOURCE_ROOT; };
		E4EEB9F31C83018F009E7089 /* EmojicodeDictionary.c */ = {isa = PBXFileReference; fileEncoding = 4; lastKnownFileType = sourcecode.c.c; name = EmojicodeDictionary.c; path = "EmojicodeReal-TimeEngine/EmojicodeDictionary.c"; sourceTree = SOURCE_ROOT; };
		E4EEB9F51C830194009E7089 /* EmojicodeString.c */ = {isa = PBXFileReference; fileEncoding = 4; lastKnownFileType = sourcecode.c.c; name = EmojicodeString.c; path = "EmojicodeReal-TimeEngine/EmojicodeString.c"; sourceTree = SOURCE_ROOT; };
		E4EEB9F71C8301A5009E7089 /* JSON.c */ = {isa = PBXFileReference; fileEncoding = 4; lastKnownFileType = sourcecode.c.c; name = JSON.c; path = "EmojicodeReal-TimeEngine/JSON.c"; sourceTree = SOURCE_ROOT; };
		E4EEB9F91C8301B5009E7089 /* Reader.c */ = {isa = PBXFileReference; fileEncoding = 4; lastKnownFileType = sourcecode.c.c; name = Reader.c; path = "EmojicodeReal-TimeEngine/Reader.c"; sourceTree = SOURCE_ROOT; };
		E4EEB9FB1C8301C5009E7089 /* EmojicodeList.h */ = {isa = PBXFileReference; lastKnownFileType = sourcecode.c.h; path = EmojicodeList.h; sourceTree = SOURCE_ROOT; };
		E4EEB9FC1C8301CC009E7089 /* EmojicodeDictionary.h */ = {isa = PBXFileReference; lastKnownFileType = sourcecode.c.h; path = EmojicodeDictionary.h; sourceTree = SOURCE_ROOT; };
		E4EEB9FD1C8301D6009E7089 /* EmojicodeString.h */ = {isa = PBXFileReference; lastKnownFileType = sourcecode.c.h; path = EmojicodeString.h; sourceTree = SOURCE_ROOT; xcLanguageSpecificationIdentifier = xcode.lang.objcpp; };
		E4EEB9FE1C8301E7009E7089 /* Object.c */ = {isa = PBXFileReference; fileEncoding = 4; lastKnownFileType = sourcecode.c.c; name = Object.c; path = "EmojicodeReal-TimeEngine/Object.c"; sourceTree = SOURCE_ROOT; };
		E4EEBA001C8301F7009E7089 /* Stack.c */ = {isa = PBXFileReference; fileEncoding = 4; lastKnownFileType = sourcecode.c.c; name = Stack.c; path = "EmojicodeReal-TimeEngine/Stack.c"; sourceTree = SOURCE_ROOT; };
		E4EEBA021C830209009E7089 /* utf8.c */ = {isa = PBXFileReference; fileEncoding = 4; lastKnownFileType = sourcecode.c.c; name = utf8.c; path = "EmojicodeReal-TimeEngine/utf8.c"; sourceTree = SOURCE_ROOT; };
		E4EEBA031C830209009E7089 /* utf8.h */ = {isa = PBXFileReference; fileEncoding = 4; lastKnownFileType = sourcecode.c.h; name = utf8.h; path = "EmojicodeReal-TimeEngine/utf8.h"; sourceTree = SOURCE_ROOT; };
		E4F49AB41A5C365900A5FD48 /* CompilerScope.cpp */ = {isa = PBXFileReference; fileEncoding = 4; lastKnownFileType = sourcecode.cpp.cpp; lineEnding = 0; path = CompilerScope.cpp; sourceTree = "<group>"; xcLanguageSpecificationIdentifier = xcode.lang.c; };
		E4F49AB51A5C365A00A5FD48 /* CompilerScope.hpp */ = {isa = PBXFileReference; fileEncoding = 4; lastKnownFileType = sourcecode.cpp.h; lineEnding = 0; path = CompilerScope.hpp; sourceTree = "<group>"; xcLanguageSpecificationIdentifier = xcode.lang.objcpp; };
		E4F9D4001AC6CEE3005A1DD6 /* Class.cpp */ = {isa = PBXFileReference; fileEncoding = 4; lastKnownFileType = sourcecode.cpp.cpp; lineEnding = 0; path = Class.cpp; sourceTree = "<group>"; xcLanguageSpecificationIdentifier = xcode.lang.c; };
/* End PBXFileReference section */

/* Begin PBXFrameworksBuildPhase section */
		E45FA2F01AA0D24200F032A8 /* Frameworks */ = {
			isa = PBXFrameworksBuildPhase;
			buildActionMask = 2147483647;
			files = (
			);
			runOnlyForDeploymentPostprocessing = 0;
		};
		E4E404041A5B2E4300034386 /* Frameworks */ = {
			isa = PBXFrameworksBuildPhase;
			buildActionMask = 2147483647;
			files = (
			);
			runOnlyForDeploymentPostprocessing = 0;
		};
/* End PBXFrameworksBuildPhase section */

/* Begin PBXGroup section */
		E45FA2F41AA0D24200F032A8 /* EmojicodeCompiler */ = {
			isa = PBXGroup;
			children = (
				E4442C6B1C31C74A00151317 /* Emojis.h */,
				E4EB4A881AA3166400FF4CED /* EmojicodeCompiler.hpp */,
				E45FA2F51AA0D24200F032A8 /* main.cpp */,
				E4442C6C1C327D0C00151317 /* Type.hpp */,
				E4478C661B7B8CB400291BD9 /* Type.cpp */,
				E44E14E31BED2B2F00ACC112 /* Reporter.cpp */,
				E43387CA1C41308500B23165 /* Class.hpp */,
				E4F9D4001AC6CEE3005A1DD6 /* Class.cpp */,
				E47937221C3ACBEC00536258 /* Procedure.hpp */,
				E479370D1C3A5B3200536258 /* Procedure.cpp */,
				E46A072D1C3C243D003DE2CD /* Lexer.hpp */,
				E4EB36291AA2254700675B52 /* Lexer.cpp */,
				E4097EF11AA8B4D500CB7355 /* FileParser.hpp */,
				E4097EF01AA8B4D500CB7355 /* FileParser.cpp */,
				E4097EF41AA8B96300CB7355 /* StaticAnalyzer.hpp */,
				E4097EF31AA8B96200CB7355 /* StaticAnalyzer.cpp */,
				E46A072F1C3C79E5003DE2CD /* StaticFunctionAnalyzer.hpp */,
				E46A072E1C3C79E5003DE2CD /* StaticFunctionAnalyzer.cpp */,
				E4F49AB51A5C365A00A5FD48 /* CompilerScope.hpp */,
				E4F49AB41A5C365900A5FD48 /* CompilerScope.cpp */,
				E4EB4A861AA315ED00FF4CED /* Writer.hpp */,
				E4EB4A851AA315ED00FF4CED /* Writer.cpp */,
				E46395231CAEB49D001461C1 /* Package.hpp */,
				E46395221CAEB49D001461C1 /* Package.cpp */,
			);
			path = EmojicodeCompiler;
			sourceTree = "<group>";
		};
		E45FA2FD1AA0E11300F032A8 /* Shared */ = {
			isa = PBXGroup;
			children = (
				E455BC671B5BEB82002411C8 /* EmojicodeShared.h */,
				E4F49AB31A5C22DE00A5FD48 /* Third Party */,
			);
			name = Shared;
			sourceTree = "<group>";
		};
		E4E403FE1A5B2E4200034386 = {
			isa = PBXGroup;
			children = (
				E45FA2FD1AA0E11300F032A8 /* Shared */,
				E4E404091A5B2E4300034386 /* Emojicode Real-Time Engine */,
				E45FA2F41AA0D24200F032A8 /* EmojicodeCompiler */,
				E4E404081A5B2E4300034386 /* Products */,
			);
			sourceTree = "<group>";
		};
		E4E404081A5B2E4300034386 /* Products */ = {
			isa = PBXGroup;
			children = (
				E4E404071A5B2E4300034386 /* Emojicode */,
				E45FA2F31AA0D24200F032A8 /* EmojicodeCompiler */,
			);
			name = Products;
			sourceTree = "<group>";
		};
		E4E404091A5B2E4300034386 /* Emojicode Real-Time Engine */ = {
			isa = PBXGroup;
			children = (
				E425EE9F1A6433A700F3A62B /* EmojicodeAPI.h */,
				E4E404141A5B2E8F00034386 /* Emojicode.h */,
				E4EEB9EF1C83016C009E7089 /* Emojicode.c */,
				E4EEBA001C8301F7009E7089 /* Stack.c */,
				E45DB8131CB44D7500AE6FBE /* Thread.c */,
				E4EEB9ED1C83015A009E7089 /* Class.c */,
				E4EEB9FE1C8301E7009E7089 /* Object.c */,
				E4EEB9F91C8301B5009E7089 /* Reader.c */,
				E4F048361A7FB0D7005BB2C1 /* standard Package */,
			);
			name = "Emojicode Real-Time Engine";
			path = Emojicode;
			sourceTree = "<group>";
		};
		E4F048361A7FB0D7005BB2C1 /* standard Package */ = {
			isa = PBXGroup;
			children = (
				E4EEB9EB1C83014B009E7089 /* standard.c */,
				E4EEB9FB1C8301C5009E7089 /* EmojicodeList.h */,
				E4EEB9F11C83018B009E7089 /* EmojicodeList.c */,
				E4EEB9FC1C8301CC009E7089 /* EmojicodeDictionary.h */,
				E4EEB9F31C83018F009E7089 /* EmojicodeDictionary.c */,
				E4EEB9FD1C8301D6009E7089 /* EmojicodeString.h */,
				E4EEB9F51C830194009E7089 /* EmojicodeString.c */,
				E4EEB9F71C8301A5009E7089 /* JSON.c */,
			);
			name = "standard Package";
			sourceTree = "<group>";
		};
		E4F49AB31A5C22DE00A5FD48 /* Third Party */ = {
			isa = PBXGroup;
			children = (
				E4EEBA021C830209009E7089 /* utf8.c */,
				E4EEBA031C830209009E7089 /* utf8.h */,
			);
			name = "Third Party";
			path = Emojicode;
			sourceTree = "<group>";
		};
/* End PBXGroup section */

/* Begin PBXNativeTarget section */
		E45FA2F21AA0D24200F032A8 /* EmojicodeCompiler */ = {
			isa = PBXNativeTarget;
			buildConfigurationList = E45FA2F91AA0D24300F032A8 /* Build configuration list for PBXNativeTarget "EmojicodeCompiler" */;
			buildPhases = (
				E45FA2EF1AA0D24200F032A8 /* Sources */,
				E45FA2F01AA0D24200F032A8 /* Frameworks */,
				E45FA2F11AA0D24200F032A8 /* CopyFiles */,
			);
			buildRules = (
			);
			dependencies = (
			);
			name = EmojicodeCompiler;
			productName = EmojicodeCompiler;
			productReference = E45FA2F31AA0D24200F032A8 /* EmojicodeCompiler */;
			productType = "com.apple.product-type.tool";
		};
		E4E404061A5B2E4300034386 /* Emojicode */ = {
			isa = PBXNativeTarget;
			buildConfigurationList = E4E4040E1A5B2E4400034386 /* Build configuration list for PBXNativeTarget "Emojicode" */;
			buildPhases = (
				E4E404031A5B2E4300034386 /* Sources */,
				E4E404041A5B2E4300034386 /* Frameworks */,
				E4E404051A5B2E4300034386 /* CopyFiles */,
			);
			buildRules = (
			);
			dependencies = (
			);
			name = Emojicode;
			productName = Emojicode;
			productReference = E4E404071A5B2E4300034386 /* Emojicode */;
			productType = "com.apple.product-type.tool";
		};
/* End PBXNativeTarget section */

/* Begin PBXProject section */
		E4E403FF1A5B2E4300034386 /* Project object */ = {
			isa = PBXProject;
			attributes = {
				LastUpgradeCheck = 0710;
				ORGANIZATIONNAME = "Theo Weidmann";
				TargetAttributes = {
					E45FA2F21AA0D24200F032A8 = {
						CreatedOnToolsVersion = 6.1.1;
					};
					E4E404061A5B2E4300034386 = {
						CreatedOnToolsVersion = 6.1.1;
					};
				};
			};
			buildConfigurationList = E4E404021A5B2E4300034386 /* Build configuration list for PBXProject "Emojicode" */;
			compatibilityVersion = "Xcode 3.2";
			developmentRegion = English;
			hasScannedForEncodings = 0;
			knownRegions = (
				en,
			);
			mainGroup = E4E403FE1A5B2E4200034386;
			productRefGroup = E4E404081A5B2E4300034386 /* Products */;
			projectDirPath = "";
			projectRoot = "";
			targets = (
				E4E404061A5B2E4300034386 /* Emojicode */,
				E45FA2F21AA0D24200F032A8 /* EmojicodeCompiler */,
			);
		};
/* End PBXProject section */

/* Begin PBXSourcesBuildPhase section */
		E45FA2EF1AA0D24200F032A8 /* Sources */ = {
			isa = PBXSourcesBuildPhase;
			buildActionMask = 2147483647;
			files = (
				E4EB362B1AA2254700675B52 /* Lexer.cpp in Sources */,
				E4097EF21AA8B4D500CB7355 /* FileParser.cpp in Sources */,
				E4F9D4011AC6CEE3005A1DD6 /* Class.cpp in Sources */,
				E46A07301C3C79E5003DE2CD /* StaticFunctionAnalyzer.cpp in Sources */,
				E4478C671B7B8CB400291BD9 /* Type.cpp in Sources */,
				E4EB4A8D1AA32A5700FF4CED /* CompilerScope.cpp in Sources */,
				E4E95F601C89CED20072ECEB /* utf8.c in Sources */,
				E4EB4A871AA315ED00FF4CED /* Writer.cpp in Sources */,
				E45FA2F61AA0D24200F032A8 /* main.cpp in Sources */,
				E46395241CAEB49D001461C1 /* Package.cpp in Sources */,
				E479370E1C3A5B3200536258 /* Procedure.cpp in Sources */,
				E44E14E41BED2B2F00ACC112 /* Reporter.cpp in Sources */,
				E4097EF51AA8B96300CB7355 /* StaticAnalyzer.cpp in Sources */,
			);
			runOnlyForDeploymentPostprocessing = 0;
		};
		E4E404031A5B2E4300034386 /* Sources */ = {
			isa = PBXSourcesBuildPhase;
			buildActionMask = 2147483647;
			files = (
				E4EEB9EE1C83015A009E7089 /* Class.c in Sources */,
				E4EEB9F01C83016C009E7089 /* Emojicode.c in Sources */,
				E4EEB9F21C83018B009E7089 /* EmojicodeList.c in Sources */,
				E4EEB9F61C830194009E7089 /* EmojicodeString.c in Sources */,
				E4EEB9F81C8301A5009E7089 /* JSON.c in Sources */,
				E4EEB9EC1C83014B009E7089 /* standard.c in Sources */,
				E4EEBA011C8301F7009E7089 /* Stack.c in Sources */,
				E4EEB9F41C83018F009E7089 /* EmojicodeDictionary.c in Sources */,
				E4EEB9FF1C8301E7009E7089 /* Object.c in Sources */,
				E45DB8141CB44D7500AE6FBE /* Thread.c in Sources */,
				E4EEBA041C830209009E7089 /* utf8.c in Sources */,
				E4EEB9FA1C8301B5009E7089 /* Reader.c in Sources */,
			);
			runOnlyForDeploymentPostprocessing = 0;
		};
/* End PBXSourcesBuildPhase section */

/* Begin XCBuildConfiguration section */
		E45FA2F71AA0D24200F032A8 /* Debug */ = {
			isa = XCBuildConfiguration;
			buildSettings = {
				CLANG_DEBUG_INFORMATION_LEVEL = default;
				GCC_PREPROCESSOR_DEFINITIONS = (
					"DEBUG=1",
					"$(inherited)",
				);
				PRODUCT_NAME = "$(TARGET_NAME)";
			};
			name = Debug;
		};
		E45FA2F81AA0D24200F032A8 /* Release */ = {
			isa = XCBuildConfiguration;
			buildSettings = {
				CLANG_DEBUG_INFORMATION_LEVEL = default;
				COPY_PHASE_STRIP = YES;
				GCC_SYMBOLS_PRIVATE_EXTERN = NO;
				PRODUCT_NAME = "$(TARGET_NAME)";
			};
			name = Release;
		};
		E4E4040C1A5B2E4400034386 /* Debug */ = {
			isa = XCBuildConfiguration;
			buildSettings = {
				ALWAYS_SEARCH_USER_PATHS = NO;
				CLANG_CXX_LANGUAGE_STANDARD = "gnu++0x";
				CLANG_CXX_LIBRARY = "libc++";
				CLANG_ENABLE_MODULES = YES;
				CLANG_ENABLE_OBJC_ARC = YES;
				CLANG_WARN_BOOL_CONVERSION = YES;
				CLANG_WARN_CONSTANT_CONVERSION = YES;
				CLANG_WARN_DIRECT_OBJC_ISA_USAGE = YES_ERROR;
				CLANG_WARN_DOCUMENTATION_COMMENTS = YES;
				CLANG_WARN_EMPTY_BODY = YES;
				CLANG_WARN_ENUM_CONVERSION = YES;
				CLANG_WARN_INT_CONVERSION = YES;
				CLANG_WARN_NULLABLE_TO_NONNULL_CONVERSION = YES;
				CLANG_WARN_OBJC_ROOT_CLASS = YES_ERROR;
				CLANG_WARN_UNREACHABLE_CODE = YES;
				CLANG_WARN__DUPLICATE_METHOD_MATCH = YES;
				COPY_PHASE_STRIP = NO;
				DEPLOYMENT_LOCATION = NO;
				ENABLE_STRICT_OBJC_MSGSEND = YES;
				ENABLE_TESTABILITY = YES;
				GCC_C_LANGUAGE_STANDARD = gnu11;
				GCC_DYNAMIC_NO_PIC = NO;
				GCC_OPTIMIZATION_LEVEL = 0;
				GCC_PREPROCESSOR_DEFINITIONS = PRIVATE_EMOJICODE;
				GCC_SYMBOLS_PRIVATE_EXTERN = NO;
				GCC_WARN_64_TO_32_BIT_CONVERSION = YES;
				GCC_WARN_ABOUT_MISSING_FIELD_INITIALIZERS = YES;
				GCC_WARN_ABOUT_RETURN_TYPE = YES_ERROR;
				GCC_WARN_MISSING_PARENTHESES = NO;
				GCC_WARN_UNDECLARED_SELECTOR = YES;
				GCC_WARN_UNINITIALIZED_AUTOS = YES_AGGRESSIVE;
				GCC_WARN_UNUSED_FUNCTION = YES;
				GCC_WARN_UNUSED_VARIABLE = YES;
				MACOSX_DEPLOYMENT_TARGET = 10.10;
				MTL_ENABLE_DEBUG_INFO = YES;
				ONLY_ACTIVE_ARCH = YES;
				SDKROOT = macosx;
				WARNING_CFLAGS = "-Werror-pointer-arith";
			};
			name = Debug;
		};
		E4E4040D1A5B2E4400034386 /* Release */ = {
			isa = XCBuildConfiguration;
			buildSettings = {
				ALWAYS_SEARCH_USER_PATHS = NO;
				CLANG_CXX_LANGUAGE_STANDARD = "gnu++0x";
				CLANG_CXX_LIBRARY = "libc++";
				CLANG_ENABLE_MODULES = YES;
				CLANG_ENABLE_OBJC_ARC = YES;
				CLANG_WARN_BOOL_CONVERSION = YES;
				CLANG_WARN_CONSTANT_CONVERSION = YES;
				CLANG_WARN_DIRECT_OBJC_ISA_USAGE = YES_ERROR;
				CLANG_WARN_DOCUMENTATION_COMMENTS = YES;
				CLANG_WARN_EMPTY_BODY = YES;
				CLANG_WARN_ENUM_CONVERSION = YES;
				CLANG_WARN_INT_CONVERSION = YES;
				CLANG_WARN_NULLABLE_TO_NONNULL_CONVERSION = YES;
				CLANG_WARN_OBJC_ROOT_CLASS = YES_ERROR;
				CLANG_WARN_UNREACHABLE_CODE = YES;
				CLANG_WARN__DUPLICATE_METHOD_MATCH = YES;
				COPY_PHASE_STRIP = YES;
				DEBUG_INFORMATION_FORMAT = "dwarf-with-dsym";
				DEPLOYMENT_LOCATION = NO;
				ENABLE_NS_ASSERTIONS = NO;
				ENABLE_STRICT_OBJC_MSGSEND = YES;
				GCC_C_LANGUAGE_STANDARD = gnu11;
				GCC_OPTIMIZATION_LEVEL = fast;
				GCC_PREPROCESSOR_DEFINITIONS = PRIVATE_EMOJICODE;
				GCC_WARN_64_TO_32_BIT_CONVERSION = YES;
				GCC_WARN_ABOUT_MISSING_FIELD_INITIALIZERS = YES;
				GCC_WARN_ABOUT_RETURN_TYPE = YES_ERROR;
				GCC_WARN_MISSING_PARENTHESES = NO;
				GCC_WARN_UNDECLARED_SELECTOR = YES;
				GCC_WARN_UNINITIALIZED_AUTOS = YES_AGGRESSIVE;
				GCC_WARN_UNUSED_FUNCTION = YES;
				GCC_WARN_UNUSED_VARIABLE = YES;
				MACOSX_DEPLOYMENT_TARGET = 10.10;
				MTL_ENABLE_DEBUG_INFO = NO;
				SDKROOT = macosx;
				WARNING_CFLAGS = "-Werror-pointer-arith";
			};
			name = Release;
		};
		E4E4040F1A5B2E4400034386 /* Debug */ = {
			isa = XCBuildConfiguration;
			buildSettings = {
				DEBUG_INFORMATION_FORMAT = "dwarf-with-dsym";
				GCC_WARN_UNUSED_FUNCTION = YES;
				PRODUCT_NAME = "$(TARGET_NAME)";
			};
			name = Debug;
		};
		E4E404101A5B2E4400034386 /* Release */ = {
			isa = XCBuildConfiguration;
			buildSettings = {
				COPY_PHASE_STRIP = YES;
				GCC_SYMBOLS_PRIVATE_EXTERN = NO;
				GCC_WARN_UNUSED_FUNCTION = YES;
				PRODUCT_NAME = "$(TARGET_NAME)";
			};
			name = Release;
		};
/* End XCBuildConfiguration section */

/* Begin XCConfigurationList section */
		E45FA2F91AA0D24300F032A8 /* Build configuration list for PBXNativeTarget "EmojicodeCompiler" */ = {
			isa = XCConfigurationList;
			buildConfigurations = (
				E45FA2F71AA0D24200F032A8 /* Debug */,
				E45FA2F81AA0D24200F032A8 /* Release */,
			);
			defaultConfigurationIsVisible = 0;
			defaultConfigurationName = Release;
		};
		E4E404021A5B2E4300034386 /* Build configuration list for PBXProject "Emojicode" */ = {
			isa = XCConfigurationList;
			buildConfigurations = (
				E4E4040C1A5B2E4400034386 /* Debug */,
				E4E4040D1A5B2E4400034386 /* Release */,
			);
			defaultConfigurationIsVisible = 0;
			defaultConfigurationName = Release;
		};
		E4E4040E1A5B2E4400034386 /* Build configuration list for PBXNativeTarget "Emojicode" */ = {
			isa = XCConfigurationList;
			buildConfigurations = (
				E4E4040F1A5B2E4400034386 /* Debug */,
				E4E404101A5B2E4400034386 /* Release */,
			);
			defaultConfigurationIsVisible = 0;
			defaultConfigurationName = Release;
		};
/* End XCConfigurationList section */
	};
	rootObject = E4E403FF1A5B2E4300034386 /* Project object */;
}
