// !$*UTF8*$!
{
	archiveVersion = 1;
	classes = {
	};
	objectVersion = 46;
	objects = {

/* Begin PBXBuildFile section */
		E400909C1F515D80003F62FE /* RecordingPackage.cpp in Sources */ = {isa = PBXBuildFile; fileRef = E400909A1F515D80003F62FE /* RecordingPackage.cpp */; };
		E400909D1F516E80003F62FE /* Package.cpp in Sources */ = {isa = PBXBuildFile; fileRef = E40090981F515CAA003F62FE /* Package.cpp */; };
		E426870E1F5AD49500B96A62 /* ProtocolTypeBodyParser.cpp in Sources */ = {isa = PBXBuildFile; fileRef = E426870C1F5AD49500B96A62 /* ProtocolTypeBodyParser.cpp */; };
		E4431D651F4C4B7000D68379 /* Initializer.cpp in Sources */ = {isa = PBXBuildFile; fileRef = E4431D631F4C4B7000D68379 /* Initializer.cpp */; };
		E4431D741F4E17B100D68379 /* ASTToCode.cpp in Sources */ = {isa = PBXBuildFile; fileRef = E4431D731F4E17B000D68379 /* ASTToCode.cpp */; };
		E45AF99B1F5035F00077E343 /* JSONApplicationDelegate.cpp in Sources */ = {isa = PBXBuildFile; fileRef = E45AF9991F5035F00077E343 /* JSONApplicationDelegate.cpp */; };
		E45AF99F1F504D5C0077E343 /* Options.cpp in Sources */ = {isa = PBXBuildFile; fileRef = E45AF99D1F504D5C0077E343 /* Options.cpp */; };
		E45AF9A71F506EA00077E343 /* Prettyprinter.cpp in Sources */ = {isa = PBXBuildFile; fileRef = E45AF9A51F506EA00077E343 /* Prettyprinter.cpp */; };
		E460A5991F30EFA2006E3AC7 /* PathAnalyser.cpp in Sources */ = {isa = PBXBuildFile; fileRef = E460A53B1F30EFA2006E3AC7 /* PathAnalyser.cpp */; };
		E460A5A11F30EFA2006E3AC7 /* EmojiTokenization.cpp in Sources */ = {isa = PBXBuildFile; fileRef = E460A54D1F30EFA2006E3AC7 /* EmojiTokenization.cpp */; };
		E460A5A21F30EFA2006E3AC7 /* Lexer.cpp in Sources */ = {isa = PBXBuildFile; fileRef = E460A54F1F30EFA2006E3AC7 /* Lexer.cpp */; };
		E460A5A31F30EFA2006E3AC7 /* Token.cpp in Sources */ = {isa = PBXBuildFile; fileRef = E460A5511F30EFA2006E3AC7 /* Token.cpp */; };
		E460A5A41F30EFA2006E3AC7 /* TokenStream.cpp in Sources */ = {isa = PBXBuildFile; fileRef = E460A5531F30EFA2006E3AC7 /* TokenStream.cpp */; };
		E460A5A51F30EFA2006E3AC7 /* AbstractParser.cpp in Sources */ = {isa = PBXBuildFile; fileRef = E460A5561F30EFA2006E3AC7 /* AbstractParser.cpp */; };
		E460A5A61F30EFA2006E3AC7 /* ASTNode.cpp in Sources */ = {isa = PBXBuildFile; fileRef = E460A5581F30EFA2006E3AC7 /* ASTNode.cpp */; };
		E460A5A81F30EFA2006E3AC7 /* FunctionParser.cpp in Sources */ = {isa = PBXBuildFile; fileRef = E460A55C1F30EFA2006E3AC7 /* FunctionParser.cpp */; };
		E460A5AA1F30EFA2006E3AC7 /* DocumentParser.cpp in Sources */ = {isa = PBXBuildFile; fileRef = E460A5601F30EFA2006E3AC7 /* DocumentParser.cpp */; };
		E460A5AB1F30EFA2006E3AC7 /* SemanticScoper.cpp in Sources */ = {isa = PBXBuildFile; fileRef = E460A5631F30EFA2006E3AC7 /* SemanticScoper.cpp */; };
		E460A5AC1F30EFA2006E3AC7 /* CapturingSemanticScoper.cpp in Sources */ = {isa = PBXBuildFile; fileRef = E460A5651F30EFA2006E3AC7 /* CapturingSemanticScoper.cpp */; };
		E460A5AD1F30EFA2006E3AC7 /* Scope.cpp in Sources */ = {isa = PBXBuildFile; fileRef = E460A5671F30EFA2006E3AC7 /* Scope.cpp */; };
		E460A5B01F30EFA2006E3AC7 /* Variable.cpp in Sources */ = {isa = PBXBuildFile; fileRef = E460A56D1F30EFA2006E3AC7 /* Variable.cpp */; };
		E460A5B11F30EFA2006E3AC7 /* VariableNotFoundError.cpp in Sources */ = {isa = PBXBuildFile; fileRef = E460A56F1F30EFA2006E3AC7 /* VariableNotFoundError.cpp */; };
		E460A5B21F30EFA2006E3AC7 /* Class.cpp in Sources */ = {isa = PBXBuildFile; fileRef = E460A5721F30EFA2006E3AC7 /* Class.cpp */; };
		E460A5B31F30EFA2006E3AC7 /* Enum.cpp in Sources */ = {isa = PBXBuildFile; fileRef = E460A5741F30EFA2006E3AC7 /* Enum.cpp */; };
		E460A5B41F30EFA2006E3AC7 /* Protocol.cpp in Sources */ = {isa = PBXBuildFile; fileRef = E460A5761F30EFA2006E3AC7 /* Protocol.cpp */; };
		E460A5B51F30EFA2006E3AC7 /* StorageType.cpp in Sources */ = {isa = PBXBuildFile; fileRef = E460A5781F30EFA2006E3AC7 /* StorageType.cpp */; };
		E460A5B61F30EFA2006E3AC7 /* Type.cpp in Sources */ = {isa = PBXBuildFile; fileRef = E460A57A1F30EFA2006E3AC7 /* Type.cpp */; };
		E460A5B71F30EFA2006E3AC7 /* TypeAvailability.cpp in Sources */ = {isa = PBXBuildFile; fileRef = E460A57C1F30EFA2006E3AC7 /* TypeAvailability.cpp */; };
		E460A5B81F30EFA2006E3AC7 /* TypeContext.cpp in Sources */ = {isa = PBXBuildFile; fileRef = E460A57E1F30EFA2006E3AC7 /* TypeContext.cpp */; };
		E460A5B91F30EFA2006E3AC7 /* TypeDefinition.cpp in Sources */ = {isa = PBXBuildFile; fileRef = E460A5801F30EFA2006E3AC7 /* TypeDefinition.cpp */; };
		E460A5BB1F30EFA2006E3AC7 /* TypeExpectation.cpp in Sources */ = {isa = PBXBuildFile; fileRef = E460A5841F30EFA2006E3AC7 /* TypeExpectation.cpp */; };
		E460A5BC1F30EFA2006E3AC7 /* ValueType.cpp in Sources */ = {isa = PBXBuildFile; fileRef = E460A5861F30EFA2006E3AC7 /* ValueType.cpp */; };
		E460A5BD1F30EFA2006E3AC7 /* BoxingLayer.cpp in Sources */ = {isa = PBXBuildFile; fileRef = E460A5881F30EFA2006E3AC7 /* BoxingLayer.cpp */; };
		E460A5BE1F30EFA2006E3AC7 /* CompilerError.cpp in Sources */ = {isa = PBXBuildFile; fileRef = E460A58A1F30EFA2006E3AC7 /* CompilerError.cpp */; };
		E460A5BF1F30EFA2006E3AC7 /* Function.cpp in Sources */ = {isa = PBXBuildFile; fileRef = E460A58E1F30EFA2006E3AC7 /* Function.cpp */; };
		E460A5C01F30EFA2006E3AC7 /* FunctionType.cpp in Sources */ = {isa = PBXBuildFile; fileRef = E460A5901F30EFA2006E3AC7 /* FunctionType.cpp */; };
		E460A5C21F30EFA2006E3AC7 /* main.cpp in Sources */ = {isa = PBXBuildFile; fileRef = E460A5941F30EFA2006E3AC7 /* main.cpp */; };
		E460A5C31F30EFA2006E3AC7 /* PackageReporter.cpp in Sources */ = {isa = PBXBuildFile; fileRef = E460A5951F30EFA2006E3AC7 /* PackageReporter.cpp */; };
		E47838D71F41EA4D007B937C /* ProtocolFunction.cpp in Sources */ = {isa = PBXBuildFile; fileRef = E47838D51F41EA4D007B937C /* ProtocolFunction.cpp */; };
		E47838DA1F41F9A6007B937C /* BoxingLayerBuilder.cpp in Sources */ = {isa = PBXBuildFile; fileRef = E47838D81F41F9A6007B937C /* BoxingLayerBuilder.cpp */; };
		E47891091F4EEA3A008DCB24 /* TypeBodyParser.cpp in Sources */ = {isa = PBXBuildFile; fileRef = E47891071F4EEA3A008DCB24 /* TypeBodyParser.cpp */; };
		E478910C1F4EFD9C008DCB24 /* AttributesParser.cpp in Sources */ = {isa = PBXBuildFile; fileRef = E478910A1F4EFD9C008DCB24 /* AttributesParser.cpp */; };
		E478910F1F4F3060008DCB24 /* Application.cpp in Sources */ = {isa = PBXBuildFile; fileRef = E478910D1F4F3060008DCB24 /* Application.cpp */; };
		E47891111F4FF7D5008DCB24 /* CodeGenerator.cpp in Sources */ = {isa = PBXBuildFile; fileRef = E460A5401F30EFA2006E3AC7 /* CodeGenerator.cpp */; };
		E47891161F502F12008DCB24 /* HRFApplicationDelegate.cpp in Sources */ = {isa = PBXBuildFile; fileRef = E47891141F502F12008DCB24 /* HRFApplicationDelegate.cpp */; };
		E48356891F33866F000B80AE /* ASTExpr.cpp in Sources */ = {isa = PBXBuildFile; fileRef = E48356871F33866F000B80AE /* ASTExpr.cpp */; };
		E483568C1F349807000B80AE /* ASTStatements.cpp in Sources */ = {isa = PBXBuildFile; fileRef = E483568A1F349807000B80AE /* ASTStatements.cpp */; };
		E483568F1F34A51C000B80AE /* OperatorHelper.cpp in Sources */ = {isa = PBXBuildFile; fileRef = E483568D1F34A51C000B80AE /* OperatorHelper.cpp */; };
		E48356921F34C05B000B80AE /* ASTUnary.cpp in Sources */ = {isa = PBXBuildFile; fileRef = E48356901F34C05B000B80AE /* ASTUnary.cpp */; };
		E48356951F34C817000B80AE /* ASTControlFlow.cpp in Sources */ = {isa = PBXBuildFile; fileRef = E48356931F34C817000B80AE /* ASTControlFlow.cpp */; };
		E48356981F34CDBB000B80AE /* ASTTypeExpr.cpp in Sources */ = {isa = PBXBuildFile; fileRef = E48356961F34CDBB000B80AE /* ASTTypeExpr.cpp */; };
		E483569B1F34CE3F000B80AE /* ASTLiterals.cpp in Sources */ = {isa = PBXBuildFile; fileRef = E48356991F34CE3F000B80AE /* ASTLiterals.cpp */; };
		E483569F1F34D8BE000B80AE /* ASTBinaryOperator.cpp in Sources */ = {isa = PBXBuildFile; fileRef = E483569D1F34D8BE000B80AE /* ASTBinaryOperator.cpp */; };
		E48356A11F34FAAF000B80AE /* SemanticAnalyser.cpp in Sources */ = {isa = PBXBuildFile; fileRef = E460A53D1F30EFA2006E3AC7 /* SemanticAnalyser.cpp */; };
		E48356AA1F35E1A2000B80AE /* ASTMethod.cpp in Sources */ = {isa = PBXBuildFile; fileRef = E48356A81F35E1A2000B80AE /* ASTMethod.cpp */; };
		E48356AD1F361F61000B80AE /* CallCodeGenerator.cpp in Sources */ = {isa = PBXBuildFile; fileRef = E48356AB1F361F61000B80AE /* CallCodeGenerator.cpp */; };
		E48356AE1F3713FB000B80AE /* FunctionCodeGenerator.cpp in Sources */ = {isa = PBXBuildFile; fileRef = E460A5421F30EFA2006E3AC7 /* FunctionCodeGenerator.cpp */; };
		E48356B41F375742000B80AE /* Extension.cpp in Sources */ = {isa = PBXBuildFile; fileRef = E48356B21F375742000B80AE /* Extension.cpp */; };
		E48356B71F389144000B80AE /* ASTInitialization.cpp in Sources */ = {isa = PBXBuildFile; fileRef = E48356B51F389144000B80AE /* ASTInitialization.cpp */; };
		E48356BA1F3892C2000B80AE /* ASTVariables.cpp in Sources */ = {isa = PBXBuildFile; fileRef = E48356B81F3892C2000B80AE /* ASTVariables.cpp */; };
		E48F3FDE1F31A7730057BAD4 /* CGScoper.cpp in Sources */ = {isa = PBXBuildFile; fileRef = E48F3FDC1F31A7730057BAD4 /* CGScoper.cpp */; };
		E4969EB91F30F095002DF345 /* SourcePosition.cpp in Sources */ = {isa = PBXBuildFile; fileRef = E4969EB71F30F095002DF345 /* SourcePosition.cpp */; };
		E4969EBC1F30F1CF002DF345 /* CommonTypeFinder.cpp in Sources */ = {isa = PBXBuildFile; fileRef = E4969EBA1F30F1CF002DF345 /* CommonTypeFinder.cpp */; };
		E49E6D151F441F0900B819CA /* ASTClosure.cpp in Sources */ = {isa = PBXBuildFile; fileRef = E49E6D131F441F0900B819CA /* ASTClosure.cpp */; };
		E49E6D181F4ABF2500B819CA /* ClosureCodeGenerator.cpp in Sources */ = {isa = PBXBuildFile; fileRef = E49E6D161F4ABF2500B819CA /* ClosureCodeGenerator.cpp */; };
		E4D3EF8C1F5459A100A31C81 /* CompatibilityInfoProvider.cpp in Sources */ = {isa = PBXBuildFile; fileRef = E4D3EF8A1F5459A100A31C81 /* CompatibilityInfoProvider.cpp */; };
		E4DB9B5E1F5C24F800B566DD /* ASTVariables_CG.cpp in Sources */ = {isa = PBXBuildFile; fileRef = E4DB9B531F5C24F600B566DD /* ASTVariables_CG.cpp */; };
		E4DB9B5F1F5C24F800B566DD /* ASTStatements_CG.cpp in Sources */ = {isa = PBXBuildFile; fileRef = E4DB9B541F5C24F600B566DD /* ASTStatements_CG.cpp */; };
		E4DB9B601F5C24F800B566DD /* ASTClosure_CG.cpp in Sources */ = {isa = PBXBuildFile; fileRef = E4DB9B551F5C24F600B566DD /* ASTClosure_CG.cpp */; };
		E4DB9B611F5C24F800B566DD /* ASTMethod_CG.cpp in Sources */ = {isa = PBXBuildFile; fileRef = E4DB9B561F5C24F600B566DD /* ASTMethod_CG.cpp */; };
		E4DB9B621F5C24F800B566DD /* ASTTypeExpr_CG.cpp in Sources */ = {isa = PBXBuildFile; fileRef = E4DB9B571F5C24F700B566DD /* ASTTypeExpr_CG.cpp */; };
		E4DB9B631F5C24F800B566DD /* ASTLiterals_CG.cpp in Sources */ = {isa = PBXBuildFile; fileRef = E4DB9B581F5C24F700B566DD /* ASTLiterals_CG.cpp */; };
		E4DB9B641F5C24F800B566DD /* ASTInitialization_CG.cpp in Sources */ = {isa = PBXBuildFile; fileRef = E4DB9B591F5C24F700B566DD /* ASTInitialization_CG.cpp */; };
		E4DB9B651F5C24F800B566DD /* ASTUnary_CG.cpp in Sources */ = {isa = PBXBuildFile; fileRef = E4DB9B5A1F5C24F800B566DD /* ASTUnary_CG.cpp */; };
		E4DB9B661F5C24F800B566DD /* ASTControlFlow_CG.cpp in Sources */ = {isa = PBXBuildFile; fileRef = E4DB9B5B1F5C24F800B566DD /* ASTControlFlow_CG.cpp */; };
		E4DB9B671F5C24F800B566DD /* ASTBinaryOperator_CG.cpp in Sources */ = {isa = PBXBuildFile; fileRef = E4DB9B5C1F5C24F800B566DD /* ASTBinaryOperator_CG.cpp */; };
		E4DB9B681F5C24F800B566DD /* ASTBoxing_CG.cpp in Sources */ = {isa = PBXBuildFile; fileRef = E4DB9B5D1F5C24F800B566DD /* ASTBoxing_CG.cpp */; };
		E4DB9B6A1F5C256400B566DD /* ASTExpr_CG.cpp in Sources */ = {isa = PBXBuildFile; fileRef = E4DB9B691F5C256400B566DD /* ASTExpr_CG.cpp */; };
		E4DB9B841F5EAA6700B566DD /* Mangler.cpp in Sources */ = {isa = PBXBuildFile; fileRef = E4DB9B821F5EAA6700B566DD /* Mangler.cpp */; };
		E4DB9B871F6014A300B566DD /* LLVMTypeHelper.cpp in Sources */ = {isa = PBXBuildFile; fileRef = E4DB9B851F6014A200B566DD /* LLVMTypeHelper.cpp */; };
		E4DE8CAB1F57410400BFE7A9 /* CompatibleFunctionParser.cpp in Sources */ = {isa = PBXBuildFile; fileRef = E4DE8CA91F57410400BFE7A9 /* CompatibleFunctionParser.cpp */; };
/* End PBXBuildFile section */

/* Begin PBXCopyFilesBuildPhase section */
		E45FA2F11AA0D24200F032A8 /* Copy Files */ = {
			isa = PBXCopyFilesBuildPhase;
			buildActionMask = 2147483647;
			dstPath = /usr/share/man/man1/;
			dstSubfolderSpec = 0;
			files = (
			);
			name = "Copy Files";
			runOnlyForDeploymentPostprocessing = 1;
		};
/* End PBXCopyFilesBuildPhase section */

/* Begin PBXFileReference section */
		E40090981F515CAA003F62FE /* Package.cpp */ = {isa = PBXFileReference; lastKnownFileType = sourcecode.cpp.cpp; path = Package.cpp; sourceTree = "<group>"; };
		E40090991F515CAA003F62FE /* Package.hpp */ = {isa = PBXFileReference; lastKnownFileType = sourcecode.cpp.h; path = Package.hpp; sourceTree = "<group>"; };
		E400909A1F515D80003F62FE /* RecordingPackage.cpp */ = {isa = PBXFileReference; lastKnownFileType = sourcecode.cpp.cpp; path = RecordingPackage.cpp; sourceTree = "<group>"; };
		E400909B1F515D80003F62FE /* RecordingPackage.hpp */ = {isa = PBXFileReference; lastKnownFileType = sourcecode.cpp.h; path = RecordingPackage.hpp; sourceTree = "<group>"; };
		E400909E1F51ACE8003F62FE /* Generic.cpp */ = {isa = PBXFileReference; lastKnownFileType = sourcecode.cpp.cpp; path = Generic.cpp; sourceTree = "<group>"; };
		E400909F1F51ACE8003F62FE /* Generic.hpp */ = {isa = PBXFileReference; lastKnownFileType = sourcecode.cpp.h; path = Generic.hpp; sourceTree = "<group>"; };
		E426870C1F5AD49500B96A62 /* ProtocolTypeBodyParser.cpp */ = {isa = PBXFileReference; lastKnownFileType = sourcecode.cpp.cpp; path = ProtocolTypeBodyParser.cpp; sourceTree = "<group>"; };
		E426870D1F5AD49500B96A62 /* ProtocolTypeBodyParser.hpp */ = {isa = PBXFileReference; lastKnownFileType = sourcecode.cpp.h; path = ProtocolTypeBodyParser.hpp; sourceTree = "<group>"; };
		E4431D631F4C4B7000D68379 /* Initializer.cpp */ = {isa = PBXFileReference; lastKnownFileType = sourcecode.cpp.cpp; path = Initializer.cpp; sourceTree = "<group>"; };
		E4431D641F4C4B7000D68379 /* Initializer.hpp */ = {isa = PBXFileReference; lastKnownFileType = sourcecode.cpp.h; path = Initializer.hpp; sourceTree = "<group>"; };
		E4431D661F4C504200D68379 /* .clang-tidy */ = {isa = PBXFileReference; lastKnownFileType = text; path = ".clang-tidy"; sourceTree = "<group>"; };
		E4431D731F4E17B000D68379 /* ASTToCode.cpp */ = {isa = PBXFileReference; lastKnownFileType = sourcecode.cpp.cpp; path = ASTToCode.cpp; sourceTree = "<group>"; };
		E45AF9991F5035F00077E343 /* JSONApplicationDelegate.cpp */ = {isa = PBXFileReference; lastKnownFileType = sourcecode.cpp.cpp; path = JSONApplicationDelegate.cpp; sourceTree = "<group>"; };
		E45AF99A1F5035F00077E343 /* JSONApplicationDelegate.hpp */ = {isa = PBXFileReference; lastKnownFileType = sourcecode.cpp.h; path = JSONApplicationDelegate.hpp; sourceTree = "<group>"; };
		E45AF99C1F5039010077E343 /* JSONHelper.h */ = {isa = PBXFileReference; lastKnownFileType = sourcecode.c.h; path = JSONHelper.h; sourceTree = "<group>"; };
		E45AF99D1F504D5C0077E343 /* Options.cpp */ = {isa = PBXFileReference; lastKnownFileType = sourcecode.cpp.cpp; path = Options.cpp; sourceTree = "<group>"; };
		E45AF99E1F504D5C0077E343 /* Options.hpp */ = {isa = PBXFileReference; lastKnownFileType = sourcecode.cpp.h; path = Options.hpp; sourceTree = "<group>"; };
		E45AF9A51F506EA00077E343 /* Prettyprinter.cpp */ = {isa = PBXFileReference; lastKnownFileType = sourcecode.cpp.cpp; path = Prettyprinter.cpp; sourceTree = "<group>"; };
		E45AF9A61F506EA00077E343 /* Prettyprinter.hpp */ = {isa = PBXFileReference; lastKnownFileType = sourcecode.cpp.h; path = Prettyprinter.hpp; sourceTree = "<group>"; };
		E45FA2F31AA0D24200F032A8 /* EmojicodeCompiler */ = {isa = PBXFileReference; explicitFileType = "compiled.mach-o.executable"; includeInIndex = 0; path = EmojicodeCompiler; sourceTree = BUILT_PRODUCTS_DIR; };
		E460A53B1F30EFA2006E3AC7 /* PathAnalyser.cpp */ = {isa = PBXFileReference; fileEncoding = 4; lastKnownFileType = sourcecode.cpp.cpp; path = PathAnalyser.cpp; sourceTree = "<group>"; };
		E460A53C1F30EFA2006E3AC7 /* PathAnalyser.hpp */ = {isa = PBXFileReference; fileEncoding = 4; lastKnownFileType = sourcecode.cpp.h; path = PathAnalyser.hpp; sourceTree = "<group>"; };
		E460A53D1F30EFA2006E3AC7 /* SemanticAnalyser.cpp */ = {isa = PBXFileReference; fileEncoding = 4; lastKnownFileType = sourcecode.cpp.cpp; path = SemanticAnalyser.cpp; sourceTree = "<group>"; };
		E460A53E1F30EFA2006E3AC7 /* SemanticAnalyser.hpp */ = {isa = PBXFileReference; fileEncoding = 4; lastKnownFileType = sourcecode.cpp.h; path = SemanticAnalyser.hpp; sourceTree = "<group>"; };
		E460A5401F30EFA2006E3AC7 /* CodeGenerator.cpp */ = {isa = PBXFileReference; fileEncoding = 4; lastKnownFileType = sourcecode.cpp.cpp; path = CodeGenerator.cpp; sourceTree = "<group>"; };
		E460A5411F30EFA2006E3AC7 /* CodeGenerator.hpp */ = {isa = PBXFileReference; fileEncoding = 4; lastKnownFileType = sourcecode.cpp.h; path = CodeGenerator.hpp; sourceTree = "<group>"; };
		E460A5421F30EFA2006E3AC7 /* FunctionCodeGenerator.cpp */ = {isa = PBXFileReference; fileEncoding = 4; lastKnownFileType = sourcecode.cpp.cpp; path = FunctionCodeGenerator.cpp; sourceTree = "<group>"; };
		E460A5431F30EFA2006E3AC7 /* FunctionCodeGenerator.hpp */ = {isa = PBXFileReference; fileEncoding = 4; lastKnownFileType = sourcecode.cpp.h; path = FunctionCodeGenerator.hpp; sourceTree = "<group>"; };
		E460A54D1F30EFA2006E3AC7 /* EmojiTokenization.cpp */ = {isa = PBXFileReference; fileEncoding = 4; lastKnownFileType = sourcecode.cpp.cpp; path = EmojiTokenization.cpp; sourceTree = "<group>"; };
		E460A54E1F30EFA2006E3AC7 /* EmojiTokenization.hpp */ = {isa = PBXFileReference; fileEncoding = 4; lastKnownFileType = sourcecode.cpp.h; path = EmojiTokenization.hpp; sourceTree = "<group>"; };
		E460A54F1F30EFA2006E3AC7 /* Lexer.cpp */ = {isa = PBXFileReference; fileEncoding = 4; lastKnownFileType = sourcecode.cpp.cpp; path = Lexer.cpp; sourceTree = "<group>"; };
		E460A5501F30EFA2006E3AC7 /* Lexer.hpp */ = {isa = PBXFileReference; fileEncoding = 4; lastKnownFileType = sourcecode.cpp.h; path = Lexer.hpp; sourceTree = "<group>"; };
		E460A5511F30EFA2006E3AC7 /* Token.cpp */ = {isa = PBXFileReference; fileEncoding = 4; lastKnownFileType = sourcecode.cpp.cpp; path = Token.cpp; sourceTree = "<group>"; };
		E460A5521F30EFA2006E3AC7 /* Token.hpp */ = {isa = PBXFileReference; fileEncoding = 4; lastKnownFileType = sourcecode.cpp.h; path = Token.hpp; sourceTree = "<group>"; };
		E460A5531F30EFA2006E3AC7 /* TokenStream.cpp */ = {isa = PBXFileReference; fileEncoding = 4; lastKnownFileType = sourcecode.cpp.cpp; path = TokenStream.cpp; sourceTree = "<group>"; };
		E460A5541F30EFA2006E3AC7 /* TokenStream.hpp */ = {isa = PBXFileReference; fileEncoding = 4; lastKnownFileType = sourcecode.cpp.h; path = TokenStream.hpp; sourceTree = "<group>"; };
		E460A5561F30EFA2006E3AC7 /* AbstractParser.cpp */ = {isa = PBXFileReference; fileEncoding = 4; lastKnownFileType = sourcecode.cpp.cpp; path = AbstractParser.cpp; sourceTree = "<group>"; };
		E460A5571F30EFA2006E3AC7 /* AbstractParser.hpp */ = {isa = PBXFileReference; fileEncoding = 4; lastKnownFileType = sourcecode.cpp.h; path = AbstractParser.hpp; sourceTree = "<group>"; };
		E460A5581F30EFA2006E3AC7 /* ASTNode.cpp */ = {isa = PBXFileReference; fileEncoding = 4; lastKnownFileType = sourcecode.cpp.cpp; path = ASTNode.cpp; sourceTree = "<group>"; };
		E460A55C1F30EFA2006E3AC7 /* FunctionParser.cpp */ = {isa = PBXFileReference; fileEncoding = 4; lastKnownFileType = sourcecode.cpp.cpp; path = FunctionParser.cpp; sourceTree = "<group>"; };
		E460A55D1F30EFA2006E3AC7 /* FunctionParser.hpp */ = {isa = PBXFileReference; fileEncoding = 4; lastKnownFileType = sourcecode.cpp.h; path = FunctionParser.hpp; sourceTree = "<group>"; };
		E460A5601F30EFA2006E3AC7 /* DocumentParser.cpp */ = {isa = PBXFileReference; fileEncoding = 4; lastKnownFileType = sourcecode.cpp.cpp; path = DocumentParser.cpp; sourceTree = "<group>"; };
		E460A5611F30EFA2006E3AC7 /* DocumentParser.hpp */ = {isa = PBXFileReference; fileEncoding = 4; lastKnownFileType = sourcecode.cpp.h; path = DocumentParser.hpp; sourceTree = "<group>"; };
		E460A5631F30EFA2006E3AC7 /* SemanticScoper.cpp */ = {isa = PBXFileReference; fileEncoding = 4; lastKnownFileType = sourcecode.cpp.cpp; path = SemanticScoper.cpp; sourceTree = "<group>"; };
		E460A5641F30EFA2006E3AC7 /* SemanticScoper.hpp */ = {isa = PBXFileReference; fileEncoding = 4; lastKnownFileType = sourcecode.cpp.h; path = SemanticScoper.hpp; sourceTree = "<group>"; };
		E460A5651F30EFA2006E3AC7 /* CapturingSemanticScoper.cpp */ = {isa = PBXFileReference; fileEncoding = 4; lastKnownFileType = sourcecode.cpp.cpp; path = CapturingSemanticScoper.cpp; sourceTree = "<group>"; };
		E460A5661F30EFA2006E3AC7 /* CapturingSemanticScoper.hpp */ = {isa = PBXFileReference; fileEncoding = 4; lastKnownFileType = sourcecode.cpp.h; path = CapturingSemanticScoper.hpp; sourceTree = "<group>"; };
		E460A5671F30EFA2006E3AC7 /* Scope.cpp */ = {isa = PBXFileReference; fileEncoding = 4; lastKnownFileType = sourcecode.cpp.cpp; path = Scope.cpp; sourceTree = "<group>"; };
		E460A5681F30EFA2006E3AC7 /* Scope.hpp */ = {isa = PBXFileReference; fileEncoding = 4; lastKnownFileType = sourcecode.cpp.h; path = Scope.hpp; sourceTree = "<group>"; };
		E460A56D1F30EFA2006E3AC7 /* Variable.cpp */ = {isa = PBXFileReference; fileEncoding = 4; lastKnownFileType = sourcecode.cpp.cpp; path = Variable.cpp; sourceTree = "<group>"; };
		E460A56E1F30EFA2006E3AC7 /* Variable.hpp */ = {isa = PBXFileReference; fileEncoding = 4; lastKnownFileType = sourcecode.cpp.h; path = Variable.hpp; sourceTree = "<group>"; };
		E460A56F1F30EFA2006E3AC7 /* VariableNotFoundError.cpp */ = {isa = PBXFileReference; fileEncoding = 4; lastKnownFileType = sourcecode.cpp.cpp; path = VariableNotFoundError.cpp; sourceTree = "<group>"; };
		E460A5701F30EFA2006E3AC7 /* VariableNotFoundError.hpp */ = {isa = PBXFileReference; fileEncoding = 4; lastKnownFileType = sourcecode.cpp.h; path = VariableNotFoundError.hpp; sourceTree = "<group>"; };
		E460A5721F30EFA2006E3AC7 /* Class.cpp */ = {isa = PBXFileReference; fileEncoding = 4; lastKnownFileType = sourcecode.cpp.cpp; path = Class.cpp; sourceTree = "<group>"; };
		E460A5731F30EFA2006E3AC7 /* Class.hpp */ = {isa = PBXFileReference; fileEncoding = 4; lastKnownFileType = sourcecode.cpp.h; path = Class.hpp; sourceTree = "<group>"; };
		E460A5741F30EFA2006E3AC7 /* Enum.cpp */ = {isa = PBXFileReference; fileEncoding = 4; lastKnownFileType = sourcecode.cpp.cpp; path = Enum.cpp; sourceTree = "<group>"; };
		E460A5751F30EFA2006E3AC7 /* Enum.hpp */ = {isa = PBXFileReference; fileEncoding = 4; lastKnownFileType = sourcecode.cpp.h; path = Enum.hpp; sourceTree = "<group>"; };
		E460A5761F30EFA2006E3AC7 /* Protocol.cpp */ = {isa = PBXFileReference; fileEncoding = 4; lastKnownFileType = sourcecode.cpp.cpp; path = Protocol.cpp; sourceTree = "<group>"; };
		E460A5771F30EFA2006E3AC7 /* Protocol.hpp */ = {isa = PBXFileReference; fileEncoding = 4; lastKnownFileType = sourcecode.cpp.h; path = Protocol.hpp; sourceTree = "<group>"; };
		E460A5781F30EFA2006E3AC7 /* StorageType.cpp */ = {isa = PBXFileReference; fileEncoding = 4; lastKnownFileType = sourcecode.cpp.cpp; path = StorageType.cpp; sourceTree = "<group>"; };
		E460A5791F30EFA2006E3AC7 /* StorageType.hpp */ = {isa = PBXFileReference; fileEncoding = 4; lastKnownFileType = sourcecode.cpp.h; path = StorageType.hpp; sourceTree = "<group>"; };
		E460A57A1F30EFA2006E3AC7 /* Type.cpp */ = {isa = PBXFileReference; fileEncoding = 4; lastKnownFileType = sourcecode.cpp.cpp; path = Type.cpp; sourceTree = "<group>"; };
		E460A57B1F30EFA2006E3AC7 /* Type.hpp */ = {isa = PBXFileReference; fileEncoding = 4; lastKnownFileType = sourcecode.cpp.h; path = Type.hpp; sourceTree = "<group>"; };
		E460A57C1F30EFA2006E3AC7 /* TypeAvailability.cpp */ = {isa = PBXFileReference; fileEncoding = 4; lastKnownFileType = sourcecode.cpp.cpp; path = TypeAvailability.cpp; sourceTree = "<group>"; };
		E460A57D1F30EFA2006E3AC7 /* TypeAvailability.hpp */ = {isa = PBXFileReference; fileEncoding = 4; lastKnownFileType = sourcecode.cpp.h; path = TypeAvailability.hpp; sourceTree = "<group>"; };
		E460A57E1F30EFA2006E3AC7 /* TypeContext.cpp */ = {isa = PBXFileReference; fileEncoding = 4; lastKnownFileType = sourcecode.cpp.cpp; path = TypeContext.cpp; sourceTree = "<group>"; };
		E460A57F1F30EFA2006E3AC7 /* TypeContext.hpp */ = {isa = PBXFileReference; fileEncoding = 4; lastKnownFileType = sourcecode.cpp.h; path = TypeContext.hpp; sourceTree = "<group>"; };
		E460A5801F30EFA2006E3AC7 /* TypeDefinition.cpp */ = {isa = PBXFileReference; fileEncoding = 4; lastKnownFileType = sourcecode.cpp.cpp; path = TypeDefinition.cpp; sourceTree = "<group>"; };
		E460A5811F30EFA2006E3AC7 /* TypeDefinition.hpp */ = {isa = PBXFileReference; fileEncoding = 4; lastKnownFileType = sourcecode.cpp.h; path = TypeDefinition.hpp; sourceTree = "<group>"; };
		E460A5841F30EFA2006E3AC7 /* TypeExpectation.cpp */ = {isa = PBXFileReference; fileEncoding = 4; lastKnownFileType = sourcecode.cpp.cpp; path = TypeExpectation.cpp; sourceTree = "<group>"; };
		E460A5851F30EFA2006E3AC7 /* TypeExpectation.hpp */ = {isa = PBXFileReference; fileEncoding = 4; lastKnownFileType = sourcecode.cpp.h; path = TypeExpectation.hpp; sourceTree = "<group>"; };
		E460A5861F30EFA2006E3AC7 /* ValueType.cpp */ = {isa = PBXFileReference; fileEncoding = 4; lastKnownFileType = sourcecode.cpp.cpp; path = ValueType.cpp; sourceTree = "<group>"; };
		E460A5871F30EFA2006E3AC7 /* ValueType.hpp */ = {isa = PBXFileReference; fileEncoding = 4; lastKnownFileType = sourcecode.cpp.h; path = ValueType.hpp; sourceTree = "<group>"; };
		E460A5881F30EFA2006E3AC7 /* BoxingLayer.cpp */ = {isa = PBXFileReference; fileEncoding = 4; lastKnownFileType = sourcecode.cpp.cpp; path = BoxingLayer.cpp; sourceTree = "<group>"; };
		E460A5891F30EFA2006E3AC7 /* BoxingLayer.hpp */ = {isa = PBXFileReference; fileEncoding = 4; lastKnownFileType = sourcecode.cpp.h; path = BoxingLayer.hpp; sourceTree = "<group>"; };
		E460A58A1F30EFA2006E3AC7 /* CompilerError.cpp */ = {isa = PBXFileReference; fileEncoding = 4; lastKnownFileType = sourcecode.cpp.cpp; path = CompilerError.cpp; sourceTree = "<group>"; };
		E460A58B1F30EFA2006E3AC7 /* CompilerError.hpp */ = {isa = PBXFileReference; fileEncoding = 4; lastKnownFileType = sourcecode.cpp.h; path = CompilerError.hpp; sourceTree = "<group>"; };
		E460A58C1F30EFA2006E3AC7 /* EmojicodeCompiler.hpp */ = {isa = PBXFileReference; fileEncoding = 4; lastKnownFileType = sourcecode.cpp.h; path = EmojicodeCompiler.hpp; sourceTree = "<group>"; };
		E460A58D1F30EFA2006E3AC7 /* Emojis.h */ = {isa = PBXFileReference; fileEncoding = 4; lastKnownFileType = sourcecode.c.h; path = Emojis.h; sourceTree = "<group>"; };
		E460A58E1F30EFA2006E3AC7 /* Function.cpp */ = {isa = PBXFileReference; fileEncoding = 4; lastKnownFileType = sourcecode.cpp.cpp; path = Function.cpp; sourceTree = "<group>"; };
		E460A58F1F30EFA2006E3AC7 /* Function.hpp */ = {isa = PBXFileReference; fileEncoding = 4; lastKnownFileType = sourcecode.cpp.h; path = Function.hpp; sourceTree = "<group>"; };
		E460A5901F30EFA2006E3AC7 /* FunctionType.cpp */ = {isa = PBXFileReference; fileEncoding = 4; lastKnownFileType = sourcecode.cpp.cpp; path = FunctionType.cpp; sourceTree = "<group>"; };
		E460A5911F30EFA2006E3AC7 /* FunctionType.hpp */ = {isa = PBXFileReference; fileEncoding = 4; lastKnownFileType = sourcecode.cpp.h; path = FunctionType.hpp; sourceTree = "<group>"; };
		E460A5921F30EFA2006E3AC7 /* InformationDesk.cpp */ = {isa = PBXFileReference; fileEncoding = 4; lastKnownFileType = sourcecode.cpp.cpp; path = InformationDesk.cpp; sourceTree = "<group>"; };
		E460A5931F30EFA2006E3AC7 /* InformationDesk.hpp */ = {isa = PBXFileReference; fileEncoding = 4; lastKnownFileType = sourcecode.cpp.h; path = InformationDesk.hpp; sourceTree = "<group>"; };
		E460A5941F30EFA2006E3AC7 /* main.cpp */ = {isa = PBXFileReference; fileEncoding = 4; lastKnownFileType = sourcecode.cpp.cpp; path = main.cpp; sourceTree = "<group>"; };
		E460A5951F30EFA2006E3AC7 /* PackageReporter.cpp */ = {isa = PBXFileReference; fileEncoding = 4; lastKnownFileType = sourcecode.cpp.cpp; path = PackageReporter.cpp; sourceTree = "<group>"; };
		E460A5961F30EFA2006E3AC7 /* PackageReporter.hpp */ = {isa = PBXFileReference; fileEncoding = 4; lastKnownFileType = sourcecode.cpp.h; path = PackageReporter.hpp; sourceTree = "<group>"; };
		E46C49701E633633003C40E5 /* tests.py */ = {isa = PBXFileReference; lastKnownFileType = text.script.python; path = tests.py; sourceTree = "<group>"; };
		E47838D51F41EA4D007B937C /* ProtocolFunction.cpp */ = {isa = PBXFileReference; fileEncoding = 4; lastKnownFileType = sourcecode.cpp.cpp; path = ProtocolFunction.cpp; sourceTree = "<group>"; };
		E47838D61F41EA4D007B937C /* ProtocolFunction.hpp */ = {isa = PBXFileReference; fileEncoding = 4; lastKnownFileType = sourcecode.cpp.h; path = ProtocolFunction.hpp; sourceTree = "<group>"; };
		E47838D81F41F9A6007B937C /* BoxingLayerBuilder.cpp */ = {isa = PBXFileReference; fileEncoding = 4; lastKnownFileType = sourcecode.cpp.cpp; path = BoxingLayerBuilder.cpp; sourceTree = "<group>"; };
		E47838D91F41F9A6007B937C /* BoxingLayerBuilder.hpp */ = {isa = PBXFileReference; fileEncoding = 4; lastKnownFileType = sourcecode.cpp.h; path = BoxingLayerBuilder.hpp; sourceTree = "<group>"; };
		E47891071F4EEA3A008DCB24 /* TypeBodyParser.cpp */ = {isa = PBXFileReference; lastKnownFileType = sourcecode.cpp.cpp; path = TypeBodyParser.cpp; sourceTree = "<group>"; };
		E47891081F4EEA3A008DCB24 /* TypeBodyParser.hpp */ = {isa = PBXFileReference; lastKnownFileType = sourcecode.cpp.h; path = TypeBodyParser.hpp; sourceTree = "<group>"; };
		E478910A1F4EFD9C008DCB24 /* AttributesParser.cpp */ = {isa = PBXFileReference; lastKnownFileType = sourcecode.cpp.cpp; path = AttributesParser.cpp; sourceTree = "<group>"; };
		E478910B1F4EFD9C008DCB24 /* AttributesParser.hpp */ = {isa = PBXFileReference; lastKnownFileType = sourcecode.cpp.h; path = AttributesParser.hpp; sourceTree = "<group>"; };
		E478910D1F4F3060008DCB24 /* Application.cpp */ = {isa = PBXFileReference; lastKnownFileType = sourcecode.cpp.cpp; path = Application.cpp; sourceTree = "<group>"; };
		E478910E1F4F3060008DCB24 /* Application.hpp */ = {isa = PBXFileReference; lastKnownFileType = sourcecode.cpp.h; path = Application.hpp; sourceTree = "<group>"; };
		E47891141F502F12008DCB24 /* HRFApplicationDelegate.cpp */ = {isa = PBXFileReference; lastKnownFileType = sourcecode.cpp.cpp; path = HRFApplicationDelegate.cpp; sourceTree = "<group>"; };
		E47891151F502F12008DCB24 /* HRFApplicationDelegate.hpp */ = {isa = PBXFileReference; lastKnownFileType = sourcecode.cpp.h; path = HRFApplicationDelegate.hpp; sourceTree = "<group>"; };
		E48356871F33866F000B80AE /* ASTExpr.cpp */ = {isa = PBXFileReference; fileEncoding = 4; lastKnownFileType = sourcecode.cpp.cpp; path = ASTExpr.cpp; sourceTree = "<group>"; };
		E48356881F33866F000B80AE /* ASTExpr.hpp */ = {isa = PBXFileReference; fileEncoding = 4; lastKnownFileType = sourcecode.cpp.h; path = ASTExpr.hpp; sourceTree = "<group>"; };
		E483568A1F349807000B80AE /* ASTStatements.cpp */ = {isa = PBXFileReference; fileEncoding = 4; lastKnownFileType = sourcecode.cpp.cpp; path = ASTStatements.cpp; sourceTree = "<group>"; };
		E483568B1F349807000B80AE /* ASTStatements.hpp */ = {isa = PBXFileReference; fileEncoding = 4; lastKnownFileType = sourcecode.cpp.h; path = ASTStatements.hpp; sourceTree = "<group>"; };
		E483568D1F34A51C000B80AE /* OperatorHelper.cpp */ = {isa = PBXFileReference; fileEncoding = 4; lastKnownFileType = sourcecode.cpp.cpp; path = OperatorHelper.cpp; sourceTree = "<group>"; };
		E483568E1F34A51C000B80AE /* OperatorHelper.hpp */ = {isa = PBXFileReference; fileEncoding = 4; lastKnownFileType = sourcecode.cpp.h; path = OperatorHelper.hpp; sourceTree = "<group>"; };
		E48356901F34C05B000B80AE /* ASTUnary.cpp */ = {isa = PBXFileReference; fileEncoding = 4; lastKnownFileType = sourcecode.cpp.cpp; path = ASTUnary.cpp; sourceTree = "<group>"; };
		E48356911F34C05B000B80AE /* ASTUnary.hpp */ = {isa = PBXFileReference; fileEncoding = 4; lastKnownFileType = sourcecode.cpp.h; path = ASTUnary.hpp; sourceTree = "<group>"; };
		E48356931F34C817000B80AE /* ASTControlFlow.cpp */ = {isa = PBXFileReference; fileEncoding = 4; lastKnownFileType = sourcecode.cpp.cpp; path = ASTControlFlow.cpp; sourceTree = "<group>"; };
		E48356941F34C817000B80AE /* ASTControlFlow.hpp */ = {isa = PBXFileReference; fileEncoding = 4; lastKnownFileType = sourcecode.cpp.h; path = ASTControlFlow.hpp; sourceTree = "<group>"; };
		E48356961F34CDBB000B80AE /* ASTTypeExpr.cpp */ = {isa = PBXFileReference; fileEncoding = 4; lastKnownFileType = sourcecode.cpp.cpp; path = ASTTypeExpr.cpp; sourceTree = "<group>"; };
		E48356971F34CDBB000B80AE /* ASTTypeExpr.hpp */ = {isa = PBXFileReference; fileEncoding = 4; lastKnownFileType = sourcecode.cpp.h; path = ASTTypeExpr.hpp; sourceTree = "<group>"; };
		E48356991F34CE3F000B80AE /* ASTLiterals.cpp */ = {isa = PBXFileReference; fileEncoding = 4; lastKnownFileType = sourcecode.cpp.cpp; path = ASTLiterals.cpp; sourceTree = "<group>"; };
		E483569A1F34CE3F000B80AE /* ASTLiterals.hpp */ = {isa = PBXFileReference; fileEncoding = 4; lastKnownFileType = sourcecode.cpp.h; path = ASTLiterals.hpp; sourceTree = "<group>"; };
		E483569D1F34D8BE000B80AE /* ASTBinaryOperator.cpp */ = {isa = PBXFileReference; fileEncoding = 4; lastKnownFileType = sourcecode.cpp.cpp; path = ASTBinaryOperator.cpp; sourceTree = "<group>"; };
		E483569E1F34D8BE000B80AE /* ASTBinaryOperator.hpp */ = {isa = PBXFileReference; fileEncoding = 4; lastKnownFileType = sourcecode.cpp.h; path = ASTBinaryOperator.hpp; sourceTree = "<group>"; };
		E48356A01F34F741000B80AE /* ASTNode.hpp */ = {isa = PBXFileReference; lastKnownFileType = sourcecode.cpp.h; path = ASTNode.hpp; sourceTree = "<group>"; };
		E48356A31F35B6A7000B80AE /* ASTBoxing.hpp */ = {isa = PBXFileReference; fileEncoding = 4; lastKnownFileType = sourcecode.cpp.h; path = ASTBoxing.hpp; sourceTree = "<group>"; };
		E48356A81F35E1A2000B80AE /* ASTMethod.cpp */ = {isa = PBXFileReference; fileEncoding = 4; lastKnownFileType = sourcecode.cpp.cpp; path = ASTMethod.cpp; sourceTree = "<group>"; };
		E48356A91F35E1A2000B80AE /* ASTMethod.hpp */ = {isa = PBXFileReference; fileEncoding = 4; lastKnownFileType = sourcecode.cpp.h; path = ASTMethod.hpp; sourceTree = "<group>"; };
		E48356AB1F361F61000B80AE /* CallCodeGenerator.cpp */ = {isa = PBXFileReference; fileEncoding = 4; lastKnownFileType = sourcecode.cpp.cpp; path = CallCodeGenerator.cpp; sourceTree = "<group>"; };
		E48356AC1F361F61000B80AE /* CallCodeGenerator.hpp */ = {isa = PBXFileReference; fileEncoding = 4; lastKnownFileType = sourcecode.cpp.h; path = CallCodeGenerator.hpp; sourceTree = "<group>"; };
		E48356B21F375742000B80AE /* Extension.cpp */ = {isa = PBXFileReference; fileEncoding = 4; lastKnownFileType = sourcecode.cpp.cpp; path = Extension.cpp; sourceTree = "<group>"; };
		E48356B31F375742000B80AE /* Extension.hpp */ = {isa = PBXFileReference; fileEncoding = 4; lastKnownFileType = sourcecode.cpp.h; path = Extension.hpp; sourceTree = "<group>"; };
		E48356B51F389144000B80AE /* ASTInitialization.cpp */ = {isa = PBXFileReference; fileEncoding = 4; lastKnownFileType = sourcecode.cpp.cpp; path = ASTInitialization.cpp; sourceTree = "<group>"; };
		E48356B61F389144000B80AE /* ASTInitialization.hpp */ = {isa = PBXFileReference; fileEncoding = 4; lastKnownFileType = sourcecode.cpp.h; path = ASTInitialization.hpp; sourceTree = "<group>"; };
		E48356B81F3892C2000B80AE /* ASTVariables.cpp */ = {isa = PBXFileReference; fileEncoding = 4; lastKnownFileType = sourcecode.cpp.cpp; path = ASTVariables.cpp; sourceTree = "<group>"; };
		E48356B91F3892C2000B80AE /* ASTVariables.hpp */ = {isa = PBXFileReference; fileEncoding = 4; lastKnownFileType = sourcecode.cpp.h; path = ASTVariables.hpp; sourceTree = "<group>"; };
		E48F3FDC1F31A7730057BAD4 /* CGScoper.cpp */ = {isa = PBXFileReference; fileEncoding = 4; lastKnownFileType = sourcecode.cpp.cpp; path = CGScoper.cpp; sourceTree = "<group>"; };
		E48F3FDD1F31A7730057BAD4 /* CGScoper.hpp */ = {isa = PBXFileReference; fileEncoding = 4; lastKnownFileType = sourcecode.cpp.h; path = CGScoper.hpp; sourceTree = "<group>"; };
		E4969EB71F30F095002DF345 /* SourcePosition.cpp */ = {isa = PBXFileReference; fileEncoding = 4; lastKnownFileType = sourcecode.cpp.cpp; path = SourcePosition.cpp; sourceTree = "<group>"; };
		E4969EB81F30F095002DF345 /* SourcePosition.hpp */ = {isa = PBXFileReference; fileEncoding = 4; lastKnownFileType = sourcecode.cpp.h; path = SourcePosition.hpp; sourceTree = "<group>"; };
		E4969EBA1F30F1CF002DF345 /* CommonTypeFinder.cpp */ = {isa = PBXFileReference; fileEncoding = 4; lastKnownFileType = sourcecode.cpp.cpp; path = CommonTypeFinder.cpp; sourceTree = "<group>"; };
		E4969EBB1F30F1CF002DF345 /* CommonTypeFinder.hpp */ = {isa = PBXFileReference; fileEncoding = 4; lastKnownFileType = sourcecode.cpp.h; path = CommonTypeFinder.hpp; sourceTree = "<group>"; };
		E49E6D131F441F0900B819CA /* ASTClosure.cpp */ = {isa = PBXFileReference; fileEncoding = 4; lastKnownFileType = sourcecode.cpp.cpp; path = ASTClosure.cpp; sourceTree = "<group>"; };
		E49E6D141F441F0900B819CA /* ASTClosure.hpp */ = {isa = PBXFileReference; fileEncoding = 4; lastKnownFileType = sourcecode.cpp.h; path = ASTClosure.hpp; sourceTree = "<group>"; };
		E49E6D161F4ABF2500B819CA /* ClosureCodeGenerator.cpp */ = {isa = PBXFileReference; fileEncoding = 4; lastKnownFileType = sourcecode.cpp.cpp; path = ClosureCodeGenerator.cpp; sourceTree = "<group>"; };
		E49E6D171F4ABF2500B819CA /* ClosureCodeGenerator.hpp */ = {isa = PBXFileReference; fileEncoding = 4; lastKnownFileType = sourcecode.cpp.h; path = ClosureCodeGenerator.hpp; sourceTree = "<group>"; };
		E4D3EF8A1F5459A100A31C81 /* CompatibilityInfoProvider.cpp */ = {isa = PBXFileReference; lastKnownFileType = sourcecode.cpp.cpp; path = CompatibilityInfoProvider.cpp; sourceTree = "<group>"; };
		E4D3EF8B1F5459A100A31C81 /* CompatibilityInfoProvider.hpp */ = {isa = PBXFileReference; lastKnownFileType = sourcecode.cpp.h; path = CompatibilityInfoProvider.hpp; sourceTree = "<group>"; };
		E4DB9B531F5C24F600B566DD /* ASTVariables_CG.cpp */ = {isa = PBXFileReference; lastKnownFileType = sourcecode.cpp.cpp; path = ASTVariables_CG.cpp; sourceTree = "<group>"; };
		E4DB9B541F5C24F600B566DD /* ASTStatements_CG.cpp */ = {isa = PBXFileReference; lastKnownFileType = sourcecode.cpp.cpp; path = ASTStatements_CG.cpp; sourceTree = "<group>"; };
		E4DB9B551F5C24F600B566DD /* ASTClosure_CG.cpp */ = {isa = PBXFileReference; lastKnownFileType = sourcecode.cpp.cpp; path = ASTClosure_CG.cpp; sourceTree = "<group>"; };
		E4DB9B561F5C24F600B566DD /* ASTMethod_CG.cpp */ = {isa = PBXFileReference; lastKnownFileType = sourcecode.cpp.cpp; path = ASTMethod_CG.cpp; sourceTree = "<group>"; };
		E4DB9B571F5C24F700B566DD /* ASTTypeExpr_CG.cpp */ = {isa = PBXFileReference; lastKnownFileType = sourcecode.cpp.cpp; path = ASTTypeExpr_CG.cpp; sourceTree = "<group>"; };
		E4DB9B581F5C24F700B566DD /* ASTLiterals_CG.cpp */ = {isa = PBXFileReference; lastKnownFileType = sourcecode.cpp.cpp; path = ASTLiterals_CG.cpp; sourceTree = "<group>"; };
		E4DB9B591F5C24F700B566DD /* ASTInitialization_CG.cpp */ = {isa = PBXFileReference; lastKnownFileType = sourcecode.cpp.cpp; path = ASTInitialization_CG.cpp; sourceTree = "<group>"; };
		E4DB9B5A1F5C24F800B566DD /* ASTUnary_CG.cpp */ = {isa = PBXFileReference; lastKnownFileType = sourcecode.cpp.cpp; path = ASTUnary_CG.cpp; sourceTree = "<group>"; };
		E4DB9B5B1F5C24F800B566DD /* ASTControlFlow_CG.cpp */ = {isa = PBXFileReference; lastKnownFileType = sourcecode.cpp.cpp; path = ASTControlFlow_CG.cpp; sourceTree = "<group>"; };
		E4DB9B5C1F5C24F800B566DD /* ASTBinaryOperator_CG.cpp */ = {isa = PBXFileReference; lastKnownFileType = sourcecode.cpp.cpp; path = ASTBinaryOperator_CG.cpp; sourceTree = "<group>"; };
		E4DB9B5D1F5C24F800B566DD /* ASTBoxing_CG.cpp */ = {isa = PBXFileReference; lastKnownFileType = sourcecode.cpp.cpp; path = ASTBoxing_CG.cpp; sourceTree = "<group>"; };
		E4DB9B691F5C256400B566DD /* ASTExpr_CG.cpp */ = {isa = PBXFileReference; lastKnownFileType = sourcecode.cpp.cpp; path = ASTExpr_CG.cpp; sourceTree = "<group>"; };
		E4DB9B6B1F5D544100B566DD /* CallType.h */ = {isa = PBXFileReference; lastKnownFileType = sourcecode.c.h; path = CallType.h; sourceTree = "<group>"; };
		E4DB9B6D1F5D587200B566DD /* libLLVMCore.a */ = {isa = PBXFileReference; lastKnownFileType = archive.ar; name = libLLVMCore.a; path = ../../../../../usr/local/Cellar/llvm/4.0.1/lib/libLLVMCore.a; sourceTree = "<group>"; };
		E4DB9B6F1F5D588A00B566DD /* libLLVMSupport.a */ = {isa = PBXFileReference; lastKnownFileType = archive.ar; name = libLLVMSupport.a; path = ../../../../../usr/local/Cellar/llvm/4.0.1/lib/libLLVMSupport.a; sourceTree = "<group>"; };
		E4DB9B711F5D58A600B566DD /* libLLVMDemangle.a */ = {isa = PBXFileReference; lastKnownFileType = archive.ar; name = libLLVMDemangle.a; path = ../../../../../usr/local/Cellar/llvm/4.0.1/lib/libLLVMDemangle.a; sourceTree = "<group>"; };
		E4DB9B731F5D58C100B566DD /* libcurses.tbd */ = {isa = PBXFileReference; lastKnownFileType = "sourcecode.text-based-dylib-definition"; name = libcurses.tbd; path = usr/lib/libcurses.tbd; sourceTree = SDKROOT; };
		E4DB9B751F5D58CB00B566DD /* libz.tbd */ = {isa = PBXFileReference; lastKnownFileType = "sourcecode.text-based-dylib-definition"; name = libz.tbd; path = usr/lib/libz.tbd; sourceTree = SDKROOT; };
		E4DB9B771F5D58D900B566DD /* libm.tbd */ = {isa = PBXFileReference; lastKnownFileType = "sourcecode.text-based-dylib-definition"; name = libm.tbd; path = usr/lib/libm.tbd; sourceTree = SDKROOT; };
		E4DB9B801F5E8BC400B566DD /* main.cpp */ = {isa = PBXFileReference; lastKnownFileType = sourcecode.cpp.cpp; path = main.cpp; sourceTree = "<group>"; };
		E4DB9B821F5EAA6700B566DD /* Mangler.cpp */ = {isa = PBXFileReference; lastKnownFileType = sourcecode.cpp.cpp; path = Mangler.cpp; sourceTree = "<group>"; };
		E4DB9B831F5EAA6700B566DD /* Mangler.hpp */ = {isa = PBXFileReference; lastKnownFileType = sourcecode.cpp.h; path = Mangler.hpp; sourceTree = "<group>"; };
		E4DB9B851F6014A200B566DD /* LLVMTypeHelper.cpp */ = {isa = PBXFileReference; lastKnownFileType = sourcecode.cpp.cpp; path = LLVMTypeHelper.cpp; sourceTree = "<group>"; };
		E4DB9B861F6014A200B566DD /* LLVMTypeHelper.hpp */ = {isa = PBXFileReference; lastKnownFileType = sourcecode.cpp.h; path = LLVMTypeHelper.hpp; sourceTree = "<group>"; };
		E4DE8CA91F57410400BFE7A9 /* CompatibleFunctionParser.cpp */ = {isa = PBXFileReference; lastKnownFileType = sourcecode.cpp.cpp; path = CompatibleFunctionParser.cpp; sourceTree = "<group>"; };
		E4DE8CAA1F57410400BFE7A9 /* CompatibleFunctionParser.hpp */ = {isa = PBXFileReference; lastKnownFileType = sourcecode.cpp.h; path = CompatibleFunctionParser.hpp; sourceTree = "<group>"; };
/* End PBXFileReference section */

/* Begin PBXFrameworksBuildPhase section */
		E45FA2F01AA0D24200F032A8 /* Frameworks */ = {
			isa = PBXFrameworksBuildPhase;
			buildActionMask = 2147483647;
			files = (
			);
			runOnlyForDeploymentPostprocessing = 0;
		};
/* End PBXFrameworksBuildPhase section */

/* Begin PBXGroup section */
		E40090971F515CAA003F62FE /* Package */ = {
			isa = PBXGroup;
			children = (
				E40090981F515CAA003F62FE /* Package.cpp */,
				E40090991F515CAA003F62FE /* Package.hpp */,
				E400909A1F515D80003F62FE /* RecordingPackage.cpp */,
				E400909B1F515D80003F62FE /* RecordingPackage.hpp */,
			);
			path = Package;
			sourceTree = "<group>";
		};
		E45AF9A41F506E840077E343 /* Prettyprint */ = {
			isa = PBXGroup;
			children = (
				E4431D731F4E17B000D68379 /* ASTToCode.cpp */,
				E45AF9A51F506EA00077E343 /* Prettyprinter.cpp */,
				E45AF9A61F506EA00077E343 /* Prettyprinter.hpp */,
			);
			path = Prettyprint;
			sourceTree = "<group>";
		};
		E45FA2F41AA0D24200F032A8 /* EmojicodeCompiler */ = {
			isa = PBXGroup;
			children = (
				E4431D661F4C504200D68379 /* .clang-tidy */,
				E4C77A631F337AF500B5876A /* AST */,
				E45AF9A41F506E840077E343 /* Prettyprint */,
				E460A5361F30EFA2006E3AC7 /* Analysis */,
				E40090971F515CAA003F62FE /* Package */,
				E460A53F1F30EFA2006E3AC7 /* Generation */,
				E460A54C1F30EFA2006E3AC7 /* Lex */,
				E460A5551F30EFA2006E3AC7 /* Parsing */,
				E460A5621F30EFA2006E3AC7 /* Scoping */,
				E460A5711F30EFA2006E3AC7 /* Types */,
				E47891121F5008DA008DCB24 /* Functions */,
				E47891131F502548008DCB24 /* CLI */,
				E460A58A1F30EFA2006E3AC7 /* CompilerError.cpp */,
				E460A58B1F30EFA2006E3AC7 /* CompilerError.hpp */,
				E460A58C1F30EFA2006E3AC7 /* EmojicodeCompiler.hpp */,
				E460A58D1F30EFA2006E3AC7 /* Emojis.h */,
				E478910D1F4F3060008DCB24 /* Application.cpp */,
				E478910E1F4F3060008DCB24 /* Application.hpp */,
			);
			path = EmojicodeCompiler;
			sourceTree = "<group>";
		};
		E460A5361F30EFA2006E3AC7 /* Analysis */ = {
			isa = PBXGroup;
			children = (
				E460A53B1F30EFA2006E3AC7 /* PathAnalyser.cpp */,
				E460A53C1F30EFA2006E3AC7 /* PathAnalyser.hpp */,
				E460A53D1F30EFA2006E3AC7 /* SemanticAnalyser.cpp */,
				E460A53E1F30EFA2006E3AC7 /* SemanticAnalyser.hpp */,
				E47838D81F41F9A6007B937C /* BoxingLayerBuilder.cpp */,
				E47838D91F41F9A6007B937C /* BoxingLayerBuilder.hpp */,
			);
			path = Analysis;
			sourceTree = "<group>";
		};
		E460A53F1F30EFA2006E3AC7 /* Generation */ = {
			isa = PBXGroup;
			children = (
				E460A5401F30EFA2006E3AC7 /* CodeGenerator.cpp */,
				E460A5411F30EFA2006E3AC7 /* CodeGenerator.hpp */,
				E460A5431F30EFA2006E3AC7 /* FunctionCodeGenerator.hpp */,
				E460A5421F30EFA2006E3AC7 /* FunctionCodeGenerator.cpp */,
				E48356AC1F361F61000B80AE /* CallCodeGenerator.hpp */,
				E48356AB1F361F61000B80AE /* CallCodeGenerator.cpp */,
				E49E6D161F4ABF2500B819CA /* ClosureCodeGenerator.cpp */,
				E49E6D171F4ABF2500B819CA /* ClosureCodeGenerator.hpp */,
				E4DB9B821F5EAA6700B566DD /* Mangler.cpp */,
				E4DB9B831F5EAA6700B566DD /* Mangler.hpp */,
				E4DB9B851F6014A200B566DD /* LLVMTypeHelper.cpp */,
				E4DB9B861F6014A200B566DD /* LLVMTypeHelper.hpp */,
			);
			path = Generation;
			sourceTree = "<group>";
		};
		E460A54C1F30EFA2006E3AC7 /* Lex */ = {
			isa = PBXGroup;
			children = (
				E460A54D1F30EFA2006E3AC7 /* EmojiTokenization.cpp */,
				E460A54E1F30EFA2006E3AC7 /* EmojiTokenization.hpp */,
				E460A54F1F30EFA2006E3AC7 /* Lexer.cpp */,
				E460A5501F30EFA2006E3AC7 /* Lexer.hpp */,
				E460A5511F30EFA2006E3AC7 /* Token.cpp */,
				E460A5521F30EFA2006E3AC7 /* Token.hpp */,
				E460A5531F30EFA2006E3AC7 /* TokenStream.cpp */,
				E460A5541F30EFA2006E3AC7 /* TokenStream.hpp */,
				E4969EB71F30F095002DF345 /* SourcePosition.cpp */,
				E4969EB81F30F095002DF345 /* SourcePosition.hpp */,
			);
			path = Lex;
			sourceTree = "<group>";
		};
		E460A5551F30EFA2006E3AC7 /* Parsing */ = {
			isa = PBXGroup;
			children = (
				E483568D1F34A51C000B80AE /* OperatorHelper.cpp */,
				E483568E1F34A51C000B80AE /* OperatorHelper.hpp */,
				E460A5561F30EFA2006E3AC7 /* AbstractParser.cpp */,
				E460A5571F30EFA2006E3AC7 /* AbstractParser.hpp */,
				E460A55C1F30EFA2006E3AC7 /* FunctionParser.cpp */,
				E460A55D1F30EFA2006E3AC7 /* FunctionParser.hpp */,
				E4DE8CA91F57410400BFE7A9 /* CompatibleFunctionParser.cpp */,
				E4DE8CAA1F57410400BFE7A9 /* CompatibleFunctionParser.hpp */,
				E47891071F4EEA3A008DCB24 /* TypeBodyParser.cpp */,
				E47891081F4EEA3A008DCB24 /* TypeBodyParser.hpp */,
				E426870C1F5AD49500B96A62 /* ProtocolTypeBodyParser.cpp */,
				E426870D1F5AD49500B96A62 /* ProtocolTypeBodyParser.hpp */,
				E460A5601F30EFA2006E3AC7 /* DocumentParser.cpp */,
				E460A5611F30EFA2006E3AC7 /* DocumentParser.hpp */,
				E478910A1F4EFD9C008DCB24 /* AttributesParser.cpp */,
				E478910B1F4EFD9C008DCB24 /* AttributesParser.hpp */,
				E4D3EF8A1F5459A100A31C81 /* CompatibilityInfoProvider.cpp */,
				E4D3EF8B1F5459A100A31C81 /* CompatibilityInfoProvider.hpp */,
			);
			path = Parsing;
			sourceTree = "<group>";
		};
		E460A5621F30EFA2006E3AC7 /* Scoping */ = {
			isa = PBXGroup;
			children = (
				E460A5631F30EFA2006E3AC7 /* SemanticScoper.cpp */,
				E460A5641F30EFA2006E3AC7 /* SemanticScoper.hpp */,
				E460A5651F30EFA2006E3AC7 /* CapturingSemanticScoper.cpp */,
				E460A5661F30EFA2006E3AC7 /* CapturingSemanticScoper.hpp */,
				E460A5671F30EFA2006E3AC7 /* Scope.cpp */,
				E460A5681F30EFA2006E3AC7 /* Scope.hpp */,
				E460A56D1F30EFA2006E3AC7 /* Variable.cpp */,
				E460A56E1F30EFA2006E3AC7 /* Variable.hpp */,
				E460A56F1F30EFA2006E3AC7 /* VariableNotFoundError.cpp */,
				E460A5701F30EFA2006E3AC7 /* VariableNotFoundError.hpp */,
				E48F3FDC1F31A7730057BAD4 /* CGScoper.cpp */,
				E48F3FDD1F31A7730057BAD4 /* CGScoper.hpp */,
			);
			path = Scoping;
			sourceTree = "<group>";
		};
		E460A5711F30EFA2006E3AC7 /* Types */ = {
			isa = PBXGroup;
			children = (
				E460A5721F30EFA2006E3AC7 /* Class.cpp */,
				E460A5731F30EFA2006E3AC7 /* Class.hpp */,
				E4969EBA1F30F1CF002DF345 /* CommonTypeFinder.cpp */,
				E4969EBB1F30F1CF002DF345 /* CommonTypeFinder.hpp */,
				E460A5741F30EFA2006E3AC7 /* Enum.cpp */,
				E460A5751F30EFA2006E3AC7 /* Enum.hpp */,
				E460A5761F30EFA2006E3AC7 /* Protocol.cpp */,
				E460A5771F30EFA2006E3AC7 /* Protocol.hpp */,
				E460A5781F30EFA2006E3AC7 /* StorageType.cpp */,
				E460A5791F30EFA2006E3AC7 /* StorageType.hpp */,
				E460A57A1F30EFA2006E3AC7 /* Type.cpp */,
				E460A57B1F30EFA2006E3AC7 /* Type.hpp */,
				E460A57C1F30EFA2006E3AC7 /* TypeAvailability.cpp */,
				E460A57D1F30EFA2006E3AC7 /* TypeAvailability.hpp */,
				E460A57E1F30EFA2006E3AC7 /* TypeContext.cpp */,
				E460A57F1F30EFA2006E3AC7 /* TypeContext.hpp */,
				E460A5801F30EFA2006E3AC7 /* TypeDefinition.cpp */,
				E460A5811F30EFA2006E3AC7 /* TypeDefinition.hpp */,
				E460A5841F30EFA2006E3AC7 /* TypeExpectation.cpp */,
				E460A5851F30EFA2006E3AC7 /* TypeExpectation.hpp */,
				E460A5861F30EFA2006E3AC7 /* ValueType.cpp */,
				E460A5871F30EFA2006E3AC7 /* ValueType.hpp */,
				E48356B31F375742000B80AE /* Extension.hpp */,
				E48356B21F375742000B80AE /* Extension.cpp */,
				E400909F1F51ACE8003F62FE /* Generic.hpp */,
				E400909E1F51ACE8003F62FE /* Generic.cpp */,
			);
			path = Types;
			sourceTree = "<group>";
		};
		E47891121F5008DA008DCB24 /* Functions */ = {
			isa = PBXGroup;
			children = (
				E460A5881F30EFA2006E3AC7 /* BoxingLayer.cpp */,
				E460A5891F30EFA2006E3AC7 /* BoxingLayer.hpp */,
				E460A58E1F30EFA2006E3AC7 /* Function.cpp */,
				E460A58F1F30EFA2006E3AC7 /* Function.hpp */,
				E4431D631F4C4B7000D68379 /* Initializer.cpp */,
				E4431D641F4C4B7000D68379 /* Initializer.hpp */,
				E47838D61F41EA4D007B937C /* ProtocolFunction.hpp */,
				E47838D51F41EA4D007B937C /* ProtocolFunction.cpp */,
				E460A5901F30EFA2006E3AC7 /* FunctionType.cpp */,
				E460A5911F30EFA2006E3AC7 /* FunctionType.hpp */,
				E4DB9B6B1F5D544100B566DD /* CallType.h */,
			);
			path = Functions;
			sourceTree = "<group>";
		};
		E47891131F502548008DCB24 /* CLI */ = {
			isa = PBXGroup;
			children = (
				E460A5921F30EFA2006E3AC7 /* InformationDesk.cpp */,
				E460A5931F30EFA2006E3AC7 /* InformationDesk.hpp */,
				E460A5951F30EFA2006E3AC7 /* PackageReporter.cpp */,
				E460A5961F30EFA2006E3AC7 /* PackageReporter.hpp */,
				E47891141F502F12008DCB24 /* HRFApplicationDelegate.cpp */,
				E47891151F502F12008DCB24 /* HRFApplicationDelegate.hpp */,
				E45AF9991F5035F00077E343 /* JSONApplicationDelegate.cpp */,
				E45AF99A1F5035F00077E343 /* JSONApplicationDelegate.hpp */,
				E45AF99C1F5039010077E343 /* JSONHelper.h */,
				E460A5941F30EFA2006E3AC7 /* main.cpp */,
				E45AF99D1F504D5C0077E343 /* Options.cpp */,
				E45AF99E1F504D5C0077E343 /* Options.hpp */,
			);
			path = CLI;
			sourceTree = "<group>";
		};
		E4C77A631F337AF500B5876A /* AST */ = {
			isa = PBXGroup;
			children = (
				E4DB9B5C1F5C24F800B566DD /* ASTBinaryOperator_CG.cpp */,
				E483569D1F34D8BE000B80AE /* ASTBinaryOperator.cpp */,
				E483569E1F34D8BE000B80AE /* ASTBinaryOperator.hpp */,
				E4DB9B5D1F5C24F800B566DD /* ASTBoxing_CG.cpp */,
				E48356A31F35B6A7000B80AE /* ASTBoxing.hpp */,
				E4DB9B551F5C24F600B566DD /* ASTClosure_CG.cpp */,
				E49E6D131F441F0900B819CA /* ASTClosure.cpp */,
				E49E6D141F441F0900B819CA /* ASTClosure.hpp */,
				E4DB9B5B1F5C24F800B566DD /* ASTControlFlow_CG.cpp */,
				E48356931F34C817000B80AE /* ASTControlFlow.cpp */,
				E48356941F34C817000B80AE /* ASTControlFlow.hpp */,
				E4DB9B691F5C256400B566DD /* ASTExpr_CG.cpp */,
				E48356871F33866F000B80AE /* ASTExpr.cpp */,
				E48356881F33866F000B80AE /* ASTExpr.hpp */,
				E4DB9B591F5C24F700B566DD /* ASTInitialization_CG.cpp */,
				E48356B51F389144000B80AE /* ASTInitialization.cpp */,
				E48356B61F389144000B80AE /* ASTInitialization.hpp */,
				E4DB9B581F5C24F700B566DD /* ASTLiterals_CG.cpp */,
				E48356991F34CE3F000B80AE /* ASTLiterals.cpp */,
				E483569A1F34CE3F000B80AE /* ASTLiterals.hpp */,
				E4DB9B561F5C24F600B566DD /* ASTMethod_CG.cpp */,
				E48356A81F35E1A2000B80AE /* ASTMethod.cpp */,
				E48356A91F35E1A2000B80AE /* ASTMethod.hpp */,
				E460A5581F30EFA2006E3AC7 /* ASTNode.cpp */,
				E48356A01F34F741000B80AE /* ASTNode.hpp */,
				E4DB9B541F5C24F600B566DD /* ASTStatements_CG.cpp */,
				E483568A1F349807000B80AE /* ASTStatements.cpp */,
				E483568B1F349807000B80AE /* ASTStatements.hpp */,
				E4DB9B571F5C24F700B566DD /* ASTTypeExpr_CG.cpp */,
				E48356961F34CDBB000B80AE /* ASTTypeExpr.cpp */,
				E48356971F34CDBB000B80AE /* ASTTypeExpr.hpp */,
				E4DB9B5A1F5C24F800B566DD /* ASTUnary_CG.cpp */,
				E48356901F34C05B000B80AE /* ASTUnary.cpp */,
				E48356911F34C05B000B80AE /* ASTUnary.hpp */,
				E4DB9B531F5C24F600B566DD /* ASTVariables_CG.cpp */,
				E48356B81F3892C2000B80AE /* ASTVariables.cpp */,
				E48356B91F3892C2000B80AE /* ASTVariables.hpp */,
			);
			path = AST;
			sourceTree = "<group>";
		};
		E4DB9B6C1F5D587100B566DD /* Frameworks */ = {
			isa = PBXGroup;
			children = (
				E4DB9B771F5D58D900B566DD /* libm.tbd */,
				E4DB9B751F5D58CB00B566DD /* libz.tbd */,
				E4DB9B731F5D58C100B566DD /* libcurses.tbd */,
				E4DB9B711F5D58A600B566DD /* libLLVMDemangle.a */,
				E4DB9B6F1F5D588A00B566DD /* libLLVMSupport.a */,
				E4DB9B6D1F5D587200B566DD /* libLLVMCore.a */,
			);
			name = Frameworks;
			sourceTree = "<group>";
		};
		E4DB9B7F1F5E8BAF00B566DD /* Runtime */ = {
			isa = PBXGroup;
			children = (
				E4DB9B801F5E8BC400B566DD /* main.cpp */,
			);
			path = Runtime;
			sourceTree = "<group>";
		};
		E4E403FE1A5B2E4200034386 = {
			isa = PBXGroup;
			children = (
				E46C49701E633633003C40E5 /* tests.py */,
				E4DB9B7F1F5E8BAF00B566DD /* Runtime */,
				E45FA2F41AA0D24200F032A8 /* EmojicodeCompiler */,
				E4E404081A5B2E4300034386 /* Products */,
				E4DB9B6C1F5D587100B566DD /* Frameworks */,
			);
			sourceTree = "<group>";
		};
		E4E404081A5B2E4300034386 /* Products */ = {
			isa = PBXGroup;
			children = (
				E45FA2F31AA0D24200F032A8 /* EmojicodeCompiler */,
			);
			name = Products;
			sourceTree = "<group>";
		};
/* End PBXGroup section */

/* Begin PBXNativeTarget section */
		E45FA2F21AA0D24200F032A8 /* EmojicodeCompiler */ = {
			isa = PBXNativeTarget;
			buildConfigurationList = E45FA2F91AA0D24300F032A8 /* Build configuration list for PBXNativeTarget "EmojicodeCompiler" */;
			buildPhases = (
				E45FA2EF1AA0D24200F032A8 /* Sources */,
				E45FA2F01AA0D24200F032A8 /* Frameworks */,
				E45FA2F11AA0D24200F032A8 /* Copy Files */,
				E4F8EE721E465492006CF7EA /* ShellScript */,
			);
			buildRules = (
			);
			dependencies = (
			);
			name = EmojicodeCompiler;
			productName = EmojicodeCompiler;
			productReference = E45FA2F31AA0D24200F032A8 /* EmojicodeCompiler */;
			productType = "com.apple.product-type.tool";
		};
/* End PBXNativeTarget section */

/* Begin PBXProject section */
		E4E403FF1A5B2E4300034386 /* Project object */ = {
			isa = PBXProject;
			attributes = {
				LastUpgradeCheck = 0800;
				ORGANIZATIONNAME = "Theo Weidmann";
				TargetAttributes = {
					E45FA2F21AA0D24200F032A8 = {
						CreatedOnToolsVersion = 6.1.1;
					};
				};
			};
			buildConfigurationList = E4E404021A5B2E4300034386 /* Build configuration list for PBXProject "Emojicode" */;
			compatibilityVersion = "Xcode 3.2";
			developmentRegion = English;
			hasScannedForEncodings = 0;
			knownRegions = (
				en,
			);
			mainGroup = E4E403FE1A5B2E4200034386;
			productRefGroup = E4E404081A5B2E4300034386 /* Products */;
			projectDirPath = "";
			projectRoot = "";
			targets = (
				E45FA2F21AA0D24200F032A8 /* EmojicodeCompiler */,
			);
		};
/* End PBXProject section */

/* Begin PBXShellScriptBuildPhase section */
		E4F8EE721E465492006CF7EA /* ShellScript */ = {
			isa = PBXShellScriptBuildPhase;
			buildActionMask = 2147483647;
			files = (
			);
			inputPaths = (
			);
			outputPaths = (
			);
			runOnlyForDeploymentPostprocessing = 0;
			shellPath = /bin/sh;
			shellScript = "#/usr/local/Cellar/llvm/4.0.1/share/clang/run-clang-tidy.py -p build/ -header-filter=EmojicodeCompiler/*/*";
		};
/* End PBXShellScriptBuildPhase section */

/* Begin PBXSourcesBuildPhase section */
		E45FA2EF1AA0D24200F032A8 /* Sources */ = {
			isa = PBXSourcesBuildPhase;
			buildActionMask = 2147483647;
			files = (
				E48356B71F389144000B80AE /* ASTInitialization.cpp in Sources */,
				E460A5A61F30EFA2006E3AC7 /* ASTNode.cpp in Sources */,
				E460A5A11F30EFA2006E3AC7 /* EmojiTokenization.cpp in Sources */,
				E4DB9B841F5EAA6700B566DD /* Mangler.cpp in Sources */,
				E48356AE1F3713FB000B80AE /* FunctionCodeGenerator.cpp in Sources */,
				E400909D1F516E80003F62FE /* Package.cpp in Sources */,
				E478910C1F4EFD9C008DCB24 /* AttributesParser.cpp in Sources */,
				E460A5B81F30EFA2006E3AC7 /* TypeContext.cpp in Sources */,
				E460A5AB1F30EFA2006E3AC7 /* SemanticScoper.cpp in Sources */,
				E4DB9B611F5C24F800B566DD /* ASTMethod_CG.cpp in Sources */,
				E460A5991F30EFA2006E3AC7 /* PathAnalyser.cpp in Sources */,
				E4969EBC1F30F1CF002DF345 /* CommonTypeFinder.cpp in Sources */,
				E4DB9B641F5C24F800B566DD /* ASTInitialization_CG.cpp in Sources */,
				E4DB9B631F5C24F800B566DD /* ASTLiterals_CG.cpp in Sources */,
				E460A5B71F30EFA2006E3AC7 /* TypeAvailability.cpp in Sources */,
				E460A5AA1F30EFA2006E3AC7 /* DocumentParser.cpp in Sources */,
				E460A5A31F30EFA2006E3AC7 /* Token.cpp in Sources */,
				E48356981F34CDBB000B80AE /* ASTTypeExpr.cpp in Sources */,
				E460A5AC1F30EFA2006E3AC7 /* CapturingSemanticScoper.cpp in Sources */,
				E460A5A51F30EFA2006E3AC7 /* AbstractParser.cpp in Sources */,
				E483568C1F349807000B80AE /* ASTStatements.cpp in Sources */,
				E460A5B61F30EFA2006E3AC7 /* Type.cpp in Sources */,
				E4DB9B681F5C24F800B566DD /* ASTBoxing_CG.cpp in Sources */,
				E48356AD1F361F61000B80AE /* CallCodeGenerator.cpp in Sources */,
				E49E6D181F4ABF2500B819CA /* ClosureCodeGenerator.cpp in Sources */,
				E47838D71F41EA4D007B937C /* ProtocolFunction.cpp in Sources */,
				E4DB9B871F6014A300B566DD /* LLVMTypeHelper.cpp in Sources */,
				E483569F1F34D8BE000B80AE /* ASTBinaryOperator.cpp in Sources */,
				E460A5BB1F30EFA2006E3AC7 /* TypeExpectation.cpp in Sources */,
				E4DB9B5E1F5C24F800B566DD /* ASTVariables_CG.cpp in Sources */,
				E4DB9B651F5C24F800B566DD /* ASTUnary_CG.cpp in Sources */,
				E47891091F4EEA3A008DCB24 /* TypeBodyParser.cpp in Sources */,
				E4DB9B661F5C24F800B566DD /* ASTControlFlow_CG.cpp in Sources */,
				E45AF99F1F504D5C0077E343 /* Options.cpp in Sources */,
				E4DB9B671F5C24F800B566DD /* ASTBinaryOperator_CG.cpp in Sources */,
				E460A5AD1F30EFA2006E3AC7 /* Scope.cpp in Sources */,
				E48356891F33866F000B80AE /* ASTExpr.cpp in Sources */,
				E48356921F34C05B000B80AE /* ASTUnary.cpp in Sources */,
				E483569B1F34CE3F000B80AE /* ASTLiterals.cpp in Sources */,
				E49E6D151F441F0900B819CA /* ASTClosure.cpp in Sources */,
				E478910F1F4F3060008DCB24 /* Application.cpp in Sources */,
				E4DB9B621F5C24F800B566DD /* ASTTypeExpr_CG.cpp in Sources */,
				E4431D651F4C4B7000D68379 /* Initializer.cpp in Sources */,
				E460A5A81F30EFA2006E3AC7 /* FunctionParser.cpp in Sources */,
				E483568F1F34A51C000B80AE /* OperatorHelper.cpp in Sources */,
				E48356B41F375742000B80AE /* Extension.cpp in Sources */,
				E460A5B01F30EFA2006E3AC7 /* Variable.cpp in Sources */,
				E460A5A21F30EFA2006E3AC7 /* Lexer.cpp in Sources */,
				E47838DA1F41F9A6007B937C /* BoxingLayerBuilder.cpp in Sources */,
				E4DB9B5F1F5C24F800B566DD /* ASTStatements_CG.cpp in Sources */,
				E460A5BE1F30EFA2006E3AC7 /* CompilerError.cpp in Sources */,
				E4D3EF8C1F5459A100A31C81 /* CompatibilityInfoProvider.cpp in Sources */,
				E48356AA1F35E1A2000B80AE /* ASTMethod.cpp in Sources */,
				E460A5C31F30EFA2006E3AC7 /* PackageReporter.cpp in Sources */,
				E400909C1F515D80003F62FE /* RecordingPackage.cpp in Sources */,
				E45AF99B1F5035F00077E343 /* JSONApplicationDelegate.cpp in Sources */,
				E48356A11F34FAAF000B80AE /* SemanticAnalyser.cpp in Sources */,
				E4DB9B601F5C24F800B566DD /* ASTClosure_CG.cpp in Sources */,
				E460A5A41F30EFA2006E3AC7 /* TokenStream.cpp in Sources */,
				E460A5BC1F30EFA2006E3AC7 /* ValueType.cpp in Sources */,
				E48356BA1F3892C2000B80AE /* ASTVariables.cpp in Sources */,
				E460A5B51F30EFA2006E3AC7 /* StorageType.cpp in Sources */,
				E460A5BF1F30EFA2006E3AC7 /* Function.cpp in Sources */,
				E48F3FDE1F31A7730057BAD4 /* CGScoper.cpp in Sources */,
				E460A5C01F30EFA2006E3AC7 /* FunctionType.cpp in Sources */,
				E460A5B31F30EFA2006E3AC7 /* Enum.cpp in Sources */,
				E48356951F34C817000B80AE /* ASTControlFlow.cpp in Sources */,
				E460A5B91F30EFA2006E3AC7 /* TypeDefinition.cpp in Sources */,
				E45AF9A71F506EA00077E343 /* Prettyprinter.cpp in Sources */,
				E47891111F4FF7D5008DCB24 /* CodeGenerator.cpp in Sources */,
				E426870E1F5AD49500B96A62 /* ProtocolTypeBodyParser.cpp in Sources */,
				E460A5C21F30EFA2006E3AC7 /* main.cpp in Sources */,
				E460A5B41F30EFA2006E3AC7 /* Protocol.cpp in Sources */,
				E4DB9B6A1F5C256400B566DD /* ASTExpr_CG.cpp in Sources */,
				E47891161F502F12008DCB24 /* HRFApplicationDelegate.cpp in Sources */,
				E4969EB91F30F095002DF345 /* SourcePosition.cpp in Sources */,
				E460A5BD1F30EFA2006E3AC7 /* BoxingLayer.cpp in Sources */,
				E460A5B21F30EFA2006E3AC7 /* Class.cpp in Sources */,
				E4431D741F4E17B100D68379 /* ASTToCode.cpp in Sources */,
				E4DE8CAB1F57410400BFE7A9 /* CompatibleFunctionParser.cpp in Sources */,
				E460A5B11F30EFA2006E3AC7 /* VariableNotFoundError.cpp in Sources */,
			);
			runOnlyForDeploymentPostprocessing = 0;
		};
/* End PBXSourcesBuildPhase section */

/* Begin XCBuildConfiguration section */
		E45FA2F71AA0D24200F032A8 /* Debug */ = {
			isa = XCBuildConfiguration;
			buildSettings = {
				CLANG_DEBUG_INFORMATION_LEVEL = default;
				GCC_PREPROCESSOR_DEFINITIONS = "$(inherited)";
				HEADER_SEARCH_PATHS = /usr/local/Cellar/llvm/4.0.1/include;
				LIBRARY_SEARCH_PATHS = (
					"$(inherited)",
					/usr/local/Cellar/llvm/4.0.1/lib,
				);
				OTHER_CPLUSPLUSFLAGS = (
					"$(OTHER_CFLAGS)",
					"-Wreorder",
				);
				OTHER_LDFLAGS = (
					"-lLLVMLTO",
					"-lLLVMPasses",
					"-lLLVMObjCARCOpts",
					"-lLLVMMIRParser",
					"-lLLVMSymbolize",
					"-lLLVMDebugInfoPDB",
					"-lLLVMDebugInfoDWARF",
					"-lLLVMCoverage",
					"-lLLVMTableGen",
					"-lLLVMOrcJIT",
					"-lLLVMXCoreDisassembler",
					"-lLLVMXCoreCodeGen",
					"-lLLVMXCoreDesc",
					"-lLLVMXCoreInfo",
					"-lLLVMXCoreAsmPrinter",
					"-lLLVMSystemZDisassembler",
					"-lLLVMSystemZCodeGen",
					"-lLLVMSystemZAsmParser",
					"-lLLVMSystemZDesc",
					"-lLLVMSystemZInfo",
					"-lLLVMSystemZAsmPrinter",
					"-lLLVMSparcDisassembler",
					"-lLLVMSparcCodeGen",
					"-lLLVMSparcAsmParser",
					"-lLLVMSparcDesc",
					"-lLLVMSparcInfo",
					"-lLLVMSparcAsmPrinter",
					"-lLLVMRISCVDesc",
					"-lLLVMRISCVCodeGen",
					"-lLLVMRISCVInfo",
					"-lLLVMPowerPCDisassembler",
					"-lLLVMPowerPCCodeGen",
					"-lLLVMPowerPCAsmParser",
					"-lLLVMPowerPCDesc",
					"-lLLVMPowerPCInfo",
					"-lLLVMPowerPCAsmPrinter",
					"-lLLVMNVPTXCodeGen",
					"-lLLVMNVPTXDesc",
					"-lLLVMNVPTXInfo",
					"-lLLVMNVPTXAsmPrinter",
					"-lLLVMMSP430CodeGen",
					"-lLLVMMSP430Desc",
					"-lLLVMMSP430Info",
					"-lLLVMMSP430AsmPrinter",
					"-lLLVMMipsDisassembler",
					"-lLLVMMipsCodeGen",
					"-lLLVMMipsAsmParser",
					"-lLLVMMipsDesc",
					"-lLLVMMipsInfo",
					"-lLLVMMipsAsmPrinter",
					"-lLLVMLanaiDisassembler",
					"-lLLVMLanaiCodeGen",
					"-lLLVMLanaiAsmParser",
					"-lLLVMLanaiDesc",
					"-lLLVMLanaiInstPrinter",
					"-lLLVMLanaiInfo",
					"-lLLVMHexagonDisassembler",
					"-lLLVMHexagonCodeGen",
					"-lLLVMHexagonAsmParser",
					"-lLLVMHexagonDesc",
					"-lLLVMHexagonInfo",
					"-lLLVMBPFDisassembler",
					"-lLLVMBPFCodeGen",
					"-lLLVMBPFDesc",
					"-lLLVMBPFInfo",
					"-lLLVMBPFAsmPrinter",
					"-lLLVMARMDisassembler",
					"-lLLVMARMCodeGen",
					"-lLLVMARMAsmParser",
					"-lLLVMARMDesc",
					"-lLLVMARMInfo",
					"-lLLVMARMAsmPrinter",
					"-lLLVMAMDGPUDisassembler",
					"-lLLVMAMDGPUCodeGen",
					"-lLLVMAMDGPUAsmParser",
					"-lLLVMAMDGPUDesc",
					"-lLLVMAMDGPUInfo",
					"-lLLVMAMDGPUAsmPrinter",
					"-lLLVMAMDGPUUtils",
					"-lLLVMAArch64Disassembler",
					"-lLLVMAArch64CodeGen",
					"-lLLVMAArch64AsmParser",
					"-lLLVMAArch64Desc",
					"-lLLVMAArch64Info",
					"-lLLVMAArch64AsmPrinter",
					"-lLLVMAArch64Utils",
					"-lLLVMObjectYAML",
					"-lLLVMLibDriver",
					"-lLLVMOption",
					"-lLLVMX86Disassembler",
					"-lLLVMX86AsmParser",
					"-lLLVMX86CodeGen",
					"-lLLVMGlobalISel",
					"-lLLVMSelectionDAG",
					"-lLLVMAsmPrinter",
					"-lLLVMDebugInfoCodeView",
					"-lLLVMDebugInfoMSF",
					"-lLLVMX86Desc",
					"-lLLVMMCDisassembler",
					"-lLLVMX86Info",
					"-lLLVMX86AsmPrinter",
					"-lLLVMX86Utils",
					"-lLLVMMCJIT",
					"-lLLVMLineEditor",
					"-lLLVMInterpreter",
					"-lLLVMExecutionEngine",
					"-lLLVMRuntimeDyld",
					"-lLLVMCodeGen",
					"-lLLVMTarget",
					"-lLLVMCoroutines",
					"-lLLVMipo",
					"-lLLVMInstrumentation",
					"-lLLVMVectorize",
					"-lLLVMScalarOpts",
					"-lLLVMLinker",
					"-lLLVMIRReader",
					"-lLLVMAsmParser",
					"-lLLVMInstCombine",
					"-lLLVMTransformUtils",
					"-lLLVMBitWriter",
					"-lLLVMAnalysis",
					"-lLLVMObject",
					"-lLLVMMCParser",
					"-lLLVMMC",
					"-lLLVMBitReader",
					"-lLLVMProfileData",
					"-lLLVMCore",
					"-lLLVMSupport",
					"-lLLVMDemangle\n-lcurses",
					"-lz",
					"-lm
",
				);
				PRODUCT_NAME = "$(TARGET_NAME)";
			};
			name = Debug;
		};
		E45FA2F81AA0D24200F032A8 /* Release */ = {
			isa = XCBuildConfiguration;
			buildSettings = {
				CLANG_DEBUG_INFORMATION_LEVEL = default;
				COPY_PHASE_STRIP = YES;
				GCC_SYMBOLS_PRIVATE_EXTERN = NO;
				HEADER_SEARCH_PATHS = /usr/local/Cellar/llvm/4.0.1/include;
				LIBRARY_SEARCH_PATHS = (
					"$(inherited)",
					/usr/local/Cellar/llvm/4.0.1/lib,
				);
				OTHER_CPLUSPLUSFLAGS = (
					"$(OTHER_CFLAGS)",
					"-Wreorder",
				);
				OTHER_LDFLAGS = (
					"-lLLVMLTO",
					"-lLLVMPasses",
					"-lLLVMObjCARCOpts",
					"-lLLVMMIRParser",
					"-lLLVMSymbolize",
					"-lLLVMDebugInfoPDB",
					"-lLLVMDebugInfoDWARF",
					"-lLLVMCoverage",
					"-lLLVMTableGen",
					"-lLLVMOrcJIT",
					"-lLLVMXCoreDisassembler",
					"-lLLVMXCoreCodeGen",
					"-lLLVMXCoreDesc",
					"-lLLVMXCoreInfo",
					"-lLLVMXCoreAsmPrinter",
					"-lLLVMSystemZDisassembler",
					"-lLLVMSystemZCodeGen",
					"-lLLVMSystemZAsmParser",
					"-lLLVMSystemZDesc",
					"-lLLVMSystemZInfo",
					"-lLLVMSystemZAsmPrinter",
					"-lLLVMSparcDisassembler",
					"-lLLVMSparcCodeGen",
					"-lLLVMSparcAsmParser",
					"-lLLVMSparcDesc",
					"-lLLVMSparcInfo",
					"-lLLVMSparcAsmPrinter",
					"-lLLVMRISCVDesc",
					"-lLLVMRISCVCodeGen",
					"-lLLVMRISCVInfo",
					"-lLLVMPowerPCDisassembler",
					"-lLLVMPowerPCCodeGen",
					"-lLLVMPowerPCAsmParser",
					"-lLLVMPowerPCDesc",
					"-lLLVMPowerPCInfo",
					"-lLLVMPowerPCAsmPrinter",
					"-lLLVMNVPTXCodeGen",
					"-lLLVMNVPTXDesc",
					"-lLLVMNVPTXInfo",
					"-lLLVMNVPTXAsmPrinter",
					"-lLLVMMSP430CodeGen",
					"-lLLVMMSP430Desc",
					"-lLLVMMSP430Info",
					"-lLLVMMSP430AsmPrinter",
					"-lLLVMMipsDisassembler",
					"-lLLVMMipsCodeGen",
					"-lLLVMMipsAsmParser",
					"-lLLVMMipsDesc",
					"-lLLVMMipsInfo",
					"-lLLVMMipsAsmPrinter",
					"-lLLVMLanaiDisassembler",
					"-lLLVMLanaiCodeGen",
					"-lLLVMLanaiAsmParser",
					"-lLLVMLanaiDesc",
					"-lLLVMLanaiInstPrinter",
					"-lLLVMLanaiInfo",
					"-lLLVMHexagonDisassembler",
					"-lLLVMHexagonCodeGen",
					"-lLLVMHexagonAsmParser",
					"-lLLVMHexagonDesc",
					"-lLLVMHexagonInfo",
					"-lLLVMBPFDisassembler",
					"-lLLVMBPFCodeGen",
					"-lLLVMBPFDesc",
					"-lLLVMBPFInfo",
					"-lLLVMBPFAsmPrinter",
					"-lLLVMARMDisassembler",
					"-lLLVMARMCodeGen",
					"-lLLVMARMAsmParser",
					"-lLLVMARMDesc",
					"-lLLVMARMInfo",
					"-lLLVMARMAsmPrinter",
					"-lLLVMAMDGPUDisassembler",
					"-lLLVMAMDGPUCodeGen",
					"-lLLVMAMDGPUAsmParser",
					"-lLLVMAMDGPUDesc",
					"-lLLVMAMDGPUInfo",
					"-lLLVMAMDGPUAsmPrinter",
					"-lLLVMAMDGPUUtils",
					"-lLLVMAArch64Disassembler",
					"-lLLVMAArch64CodeGen",
					"-lLLVMAArch64AsmParser",
					"-lLLVMAArch64Desc",
					"-lLLVMAArch64Info",
					"-lLLVMAArch64AsmPrinter",
					"-lLLVMAArch64Utils",
					"-lLLVMObjectYAML",
					"-lLLVMLibDriver",
					"-lLLVMOption",
					"-lLLVMX86Disassembler",
					"-lLLVMX86AsmParser",
					"-lLLVMX86CodeGen",
					"-lLLVMGlobalISel",
					"-lLLVMSelectionDAG",
					"-lLLVMAsmPrinter",
					"-lLLVMDebugInfoCodeView",
					"-lLLVMDebugInfoMSF",
					"-lLLVMX86Desc",
					"-lLLVMMCDisassembler",
					"-lLLVMX86Info",
					"-lLLVMX86AsmPrinter",
					"-lLLVMX86Utils",
					"-lLLVMMCJIT",
					"-lLLVMLineEditor",
					"-lLLVMInterpreter",
					"-lLLVMExecutionEngine",
					"-lLLVMRuntimeDyld",
					"-lLLVMCodeGen",
					"-lLLVMTarget",
					"-lLLVMCoroutines",
					"-lLLVMipo",
					"-lLLVMInstrumentation",
					"-lLLVMVectorize",
					"-lLLVMScalarOpts",
					"-lLLVMLinker",
					"-lLLVMIRReader",
					"-lLLVMAsmParser",
					"-lLLVMInstCombine",
					"-lLLVMTransformUtils",
					"-lLLVMBitWriter",
					"-lLLVMAnalysis",
					"-lLLVMObject",
					"-lLLVMMCParser",
					"-lLLVMMC",
					"-lLLVMBitReader",
					"-lLLVMProfileData",
					"-lLLVMCore",
					"-lLLVMSupport",
					"-lLLVMDemangle\n-lcurses",
					"-lz",
					"-lm
",
				);
				PRODUCT_NAME = "$(TARGET_NAME)";
			};
			name = Release;
		};
		E4E4040C1A5B2E4400034386 /* Debug */ = {
			isa = XCBuildConfiguration;
			buildSettings = {
				ALWAYS_SEARCH_USER_PATHS = NO;
				CLANG_CXX_LANGUAGE_STANDARD = "c++14";
				CLANG_CXX_LIBRARY = "libc++";
				CLANG_ENABLE_MODULES = YES;
				CLANG_ENABLE_OBJC_ARC = YES;
				CLANG_WARN_BOOL_CONVERSION = YES;
				CLANG_WARN_CONSTANT_CONVERSION = YES;
				CLANG_WARN_DIRECT_OBJC_ISA_USAGE = YES_ERROR;
				CLANG_WARN_DOCUMENTATION_COMMENTS = YES;
				CLANG_WARN_EMPTY_BODY = YES;
				CLANG_WARN_ENUM_CONVERSION = YES;
				CLANG_WARN_INFINITE_RECURSION = YES;
				CLANG_WARN_INT_CONVERSION = YES;
				CLANG_WARN_NULLABLE_TO_NONNULL_CONVERSION = YES;
				CLANG_WARN_OBJC_ROOT_CLASS = YES_ERROR;
				CLANG_WARN_SUSPICIOUS_MOVE = YES;
				CLANG_WARN_UNREACHABLE_CODE = YES;
				CLANG_WARN__DUPLICATE_METHOD_MATCH = YES;
				COPY_PHASE_STRIP = NO;
				DEPLOYMENT_LOCATION = NO;
				ENABLE_STRICT_OBJC_MSGSEND = YES;
				ENABLE_TESTABILITY = YES;
				GCC_C_LANGUAGE_STANDARD = c11;
				GCC_DYNAMIC_NO_PIC = NO;
				GCC_NO_COMMON_BLOCKS = YES;
				GCC_OPTIMIZATION_LEVEL = 0;
				GCC_PREPROCESSOR_DEFINITIONS = "DEBUG=1";
				GCC_SYMBOLS_PRIVATE_EXTERN = NO;
				GCC_WARN_64_TO_32_BIT_CONVERSION = YES;
				GCC_WARN_ABOUT_MISSING_FIELD_INITIALIZERS = YES;
				GCC_WARN_ABOUT_RETURN_TYPE = YES_ERROR;
				GCC_WARN_MISSING_PARENTHESES = NO;
				GCC_WARN_PEDANTIC = YES;
				GCC_WARN_SIGN_COMPARE = YES;
				GCC_WARN_UNDECLARED_SELECTOR = YES;
				GCC_WARN_UNINITIALIZED_AUTOS = YES_AGGRESSIVE;
				GCC_WARN_UNUSED_FUNCTION = YES;
				GCC_WARN_UNUSED_VARIABLE = YES;
				MACOSX_DEPLOYMENT_TARGET = 10.12;
				MTL_ENABLE_DEBUG_INFO = YES;
				ONLY_ACTIVE_ARCH = YES;
				SDKROOT = macosx;
				WARNING_CFLAGS = (
					"-Werror-pointer-arith",
					"-Winconsistent-missing-override",
				);
			};
			name = Debug;
		};
		E4E4040D1A5B2E4400034386 /* Release */ = {
			isa = XCBuildConfiguration;
			buildSettings = {
				ALWAYS_SEARCH_USER_PATHS = NO;
				CLANG_CXX_LANGUAGE_STANDARD = "c++14";
				CLANG_CXX_LIBRARY = "libc++";
				CLANG_ENABLE_MODULES = YES;
				CLANG_ENABLE_OBJC_ARC = YES;
				CLANG_WARN_BOOL_CONVERSION = YES;
				CLANG_WARN_CONSTANT_CONVERSION = YES;
				CLANG_WARN_DIRECT_OBJC_ISA_USAGE = YES_ERROR;
				CLANG_WARN_DOCUMENTATION_COMMENTS = YES;
				CLANG_WARN_EMPTY_BODY = YES;
				CLANG_WARN_ENUM_CONVERSION = YES;
				CLANG_WARN_INFINITE_RECURSION = YES;
				CLANG_WARN_INT_CONVERSION = YES;
				CLANG_WARN_NULLABLE_TO_NONNULL_CONVERSION = YES;
				CLANG_WARN_OBJC_ROOT_CLASS = YES_ERROR;
				CLANG_WARN_SUSPICIOUS_MOVE = YES;
				CLANG_WARN_UNREACHABLE_CODE = YES;
				CLANG_WARN__DUPLICATE_METHOD_MATCH = YES;
				COPY_PHASE_STRIP = YES;
				DEBUG_INFORMATION_FORMAT = "dwarf-with-dsym";
				DEPLOYMENT_LOCATION = NO;
				ENABLE_NS_ASSERTIONS = NO;
				ENABLE_STRICT_OBJC_MSGSEND = YES;
				GCC_C_LANGUAGE_STANDARD = c11;
				GCC_NO_COMMON_BLOCKS = YES;
				GCC_OPTIMIZATION_LEVEL = fast;
				GCC_PREPROCESSOR_DEFINITIONS = "DEBUG=1";
				GCC_WARN_64_TO_32_BIT_CONVERSION = YES;
				GCC_WARN_ABOUT_MISSING_FIELD_INITIALIZERS = YES;
				GCC_WARN_ABOUT_RETURN_TYPE = YES_ERROR;
				GCC_WARN_MISSING_PARENTHESES = NO;
				GCC_WARN_PEDANTIC = YES;
				GCC_WARN_SIGN_COMPARE = YES;
				GCC_WARN_UNDECLARED_SELECTOR = YES;
				GCC_WARN_UNINITIALIZED_AUTOS = YES_AGGRESSIVE;
				GCC_WARN_UNUSED_FUNCTION = YES;
				GCC_WARN_UNUSED_VARIABLE = YES;
				MACOSX_DEPLOYMENT_TARGET = 10.12;
				MTL_ENABLE_DEBUG_INFO = NO;
				SDKROOT = macosx;
				WARNING_CFLAGS = (
					"-Werror-pointer-arith",
					"-Winconsistent-missing-override",
				);
			};
			name = Release;
		};
/* End XCBuildConfiguration section */

/* Begin XCConfigurationList section */
		E45FA2F91AA0D24300F032A8 /* Build configuration list for PBXNativeTarget "EmojicodeCompiler" */ = {
			isa = XCConfigurationList;
			buildConfigurations = (
				E45FA2F71AA0D24200F032A8 /* Debug */,
				E45FA2F81AA0D24200F032A8 /* Release */,
			);
			defaultConfigurationIsVisible = 0;
			defaultConfigurationName = Release;
		};
		E4E404021A5B2E4300034386 /* Build configuration list for PBXProject "Emojicode" */ = {
			isa = XCConfigurationList;
			buildConfigurations = (
				E4E4040C1A5B2E4400034386 /* Debug */,
				E4E4040D1A5B2E4400034386 /* Release */,
			);
			defaultConfigurationIsVisible = 0;
			defaultConfigurationName = Release;
		};
/* End XCConfigurationList section */
	};
	rootObject = E4E403FF1A5B2E4300034386 /* Project object */;
}
