// !$*UTF8*$!
{
	archiveVersion = 1;
	classes = {
	};
	objectVersion = 46;
	objects = {

/* Begin PBXBuildFile section */
		E4A797E21D37DFBE0048DA41 /* allegro.c in Sources */ = {isa = PBXBuildFile; fileRef = E4A797E01D37DCC20048DA41 /* allegro.c */; };
		E4CF87341D2D38E0006B3B0F /* sockets.cpp in Sources */ = {isa = PBXBuildFile; fileRef = E4CF87311D2D356F006B3B0F /* sockets.cpp */; };
		E4E10B8B1ACA994B0072B4C8 /* files.cpp in Sources */ = {isa = PBXBuildFile; fileRef = E4E10B7F1ACA989B0072B4C8 /* files.cpp */; };
/* End PBXBuildFile section */

/* Begin PBXFileReference section */
		E4A797DE1D37DC8D0048DA41 /* allegro.so */ = {isa = PBXFileReference; explicitFileType = "compiled.mach-o.dylib"; includeInIndex = 0; path = allegro.so; sourceTree = BUILT_PRODUCTS_DIR; };
		E4A797E01D37DCC20048DA41 /* allegro.c */ = {isa = PBXFileReference; fileEncoding = 4; lastKnownFileType = sourcecode.c.c; name = allegro.c; path = allegro/allegro.c; sourceTree = "<group>"; };
		E4CF87301D2D3512006B3B0F /* sockets.so */ = {isa = PBXFileReference; explicitFileType = "compiled.mach-o.dylib"; includeInIndex = 0; path = sockets.so; sourceTree = BUILT_PRODUCTS_DIR; };
		E4CF87311D2D356F006B3B0F /* sockets.cpp */ = {isa = PBXFileReference; fileEncoding = 4; lastKnownFileType = sourcecode.cpp.cpp; name = sockets.cpp; path = sockets/sockets.cpp; sourceTree = "<group>"; };
		E4E10B7F1ACA989B0072B4C8 /* files.cpp */ = {isa = PBXFileReference; fileEncoding = 4; lastKnownFileType = sourcecode.cpp.cpp; name = files.cpp; path = files/files.cpp; sourceTree = "<group>"; };
		E4E10B871ACA98EE0072B4C8 /* files.so */ = {isa = PBXFileReference; explicitFileType = "compiled.mach-o.dylib"; includeInIndex = 0; path = files.so; sourceTree = BUILT_PRODUCTS_DIR; };
/* End PBXFileReference section */

/* Begin PBXFrameworksBuildPhase section */
		E4A797D91D37DC8D0048DA41 /* Frameworks */ = {
			isa = PBXFrameworksBuildPhase;
			buildActionMask = 2147483647;
			files = (
			);
			runOnlyForDeploymentPostprocessing = 0;
		};
		E4CF87291D2D3512006B3B0F /* Frameworks */ = {
			isa = PBXFrameworksBuildPhase;
			buildActionMask = 2147483647;
			files = (
			);
			runOnlyForDeploymentPostprocessing = 0;
		};
		E4E10B841ACA98EE0072B4C8 /* Frameworks */ = {
			isa = PBXFrameworksBuildPhase;
			buildActionMask = 2147483647;
			files = (
			);
			runOnlyForDeploymentPostprocessing = 0;
		};
/* End PBXFrameworksBuildPhase section */

/* Begin PBXGroup section */
		E4A797DF1D37DCA00048DA41 /* allegro */ = {
			isa = PBXGroup;
			children = (
				E4A797E01D37DCC20048DA41 /* allegro.c */,
			);
			name = allegro;
			sourceTree = "<group>";
		};
		E4CF87331D2D3575006B3B0F /* sockets */ = {
			isa = PBXGroup;
			children = (
				E4CF87311D2D356F006B3B0F /* sockets.cpp */,
			);
			name = sockets;
			sourceTree = "<group>";
		};
		E4E10B6E1ACA983B0072B4C8 = {
			isa = PBXGroup;
			children = (
				E4A797DF1D37DCA00048DA41 /* allegro */,
				E4E10B7E1ACA98900072B4C8 /* Files */,
				E4CF87331D2D3575006B3B0F /* sockets */,
				E4E10B781ACA983B0072B4C8 /* Products */,
			);
			sourceTree = "<group>";
		};
		E4E10B781ACA983B0072B4C8 /* Products */ = {
			isa = PBXGroup;
			children = (
				E4E10B871ACA98EE0072B4C8 /* files.so */,
				E4CF87301D2D3512006B3B0F /* sockets.so */,
				E4A797DE1D37DC8D0048DA41 /* allegro.so */,
			);
			name = Products;
			sourceTree = "<group>";
		};
		E4E10B7E1ACA98900072B4C8 /* Files */ = {
			isa = PBXGroup;
			children = (
				E4E10B7F1ACA989B0072B4C8 /* files.cpp */,
			);
			name = Files;
			sourceTree = "<group>";
		};
/* End PBXGroup section */

/* Begin PBXHeadersBuildPhase section */
		E4A797DA1D37DC8D0048DA41 /* Headers */ = {
			isa = PBXHeadersBuildPhase;
			buildActionMask = 2147483647;
			files = (
			);
			runOnlyForDeploymentPostprocessing = 0;
		};
		E4CF872A1D2D3512006B3B0F /* Headers */ = {
			isa = PBXHeadersBuildPhase;
			buildActionMask = 2147483647;
			files = (
			);
			runOnlyForDeploymentPostprocessing = 0;
		};
		E4E10B851ACA98EE0072B4C8 /* Headers */ = {
			isa = PBXHeadersBuildPhase;
			buildActionMask = 2147483647;
			files = (
			);
			runOnlyForDeploymentPostprocessing = 0;
		};
/* End PBXHeadersBuildPhase section */

/* Begin PBXNativeTarget section */
		E4A797D51D37DC8D0048DA41 /* allegro */ = {
			isa = PBXNativeTarget;
			buildConfigurationList = E4A797DB1D37DC8D0048DA41 /* Build configuration list for PBXNativeTarget "allegro" */;
			buildPhases = (
				E4A797D61D37DC8D0048DA41 /* Sources */,
				E4A797D91D37DC8D0048DA41 /* Frameworks */,
				E4A797DA1D37DC8D0048DA41 /* Headers */,
			);
			buildRules = (
			);
			dependencies = (
			);
			name = allegro;
			productName = SDL;
			productReference = E4A797DE1D37DC8D0048DA41 /* allegro.so */;
			productType = "com.apple.product-type.library.dynamic";
		};
		E4CF87261D2D3512006B3B0F /* sockets */ = {
			isa = PBXNativeTarget;
			buildConfigurationList = E4CF872D1D2D3512006B3B0F /* Build configuration list for PBXNativeTarget "sockets" */;
			buildPhases = (
				E4CF87271D2D3512006B3B0F /* Sources */,
				E4CF87291D2D3512006B3B0F /* Frameworks */,
				E4CF872A1D2D3512006B3B0F /* Headers */,
			);
			buildRules = (
			);
			dependencies = (
			);
			name = sockets;
			productName = Files;
			productReference = E4CF87301D2D3512006B3B0F /* sockets.so */;
			productType = "com.apple.product-type.library.dynamic";
		};
		E4E10B861ACA98EE0072B4C8 /* files */ = {
			isa = PBXNativeTarget;
			buildConfigurationList = E4E10B881ACA98EF0072B4C8 /* Build configuration list for PBXNativeTarget "files" */;
			buildPhases = (
				E4E10B831ACA98EE0072B4C8 /* Sources */,
				E4E10B841ACA98EE0072B4C8 /* Frameworks */,
				E4E10B851ACA98EE0072B4C8 /* Headers */,
			);
			buildRules = (
			);
			dependencies = (
			);
			name = files;
			productName = Files;
			productReference = E4E10B871ACA98EE0072B4C8 /* files.so */;
			productType = "com.apple.product-type.library.dynamic";
		};
/* End PBXNativeTarget section */

/* Begin PBXProject section */
		E4E10B6F1ACA983B0072B4C8 /* Project object */ = {
			isa = PBXProject;
			attributes = {
				LastUpgradeCheck = 0710;
				ORGANIZATIONNAME = "Theo Weidmann";
				TargetAttributes = {
					E4E10B861ACA98EE0072B4C8 = {
						CreatedOnToolsVersion = 6.2;
					};
				};
			};
			buildConfigurationList = E4E10B721ACA983B0072B4C8 /* Build configuration list for PBXProject "DefaultPackages" */;
			compatibilityVersion = "Xcode 3.2";
			developmentRegion = English;
			hasScannedForEncodings = 0;
			knownRegions = (
				en,
			);
			mainGroup = E4E10B6E1ACA983B0072B4C8;
			productRefGroup = E4E10B781ACA983B0072B4C8 /* Products */;
			projectDirPath = "";
			projectRoot = "";
			targets = (
				E4E10B861ACA98EE0072B4C8 /* files */,
				E4CF87261D2D3512006B3B0F /* sockets */,
				E4A797D51D37DC8D0048DA41 /* allegro */,
			);
		};
/* End PBXProject section */

/* Begin PBXSourcesBuildPhase section */
		E4A797D61D37DC8D0048DA41 /* Sources */ = {
			isa = PBXSourcesBuildPhase;
			buildActionMask = 2147483647;
			files = (
				E4A797E21D37DFBE0048DA41 /* allegro.c in Sources */,
			);
			runOnlyForDeploymentPostprocessing = 0;
		};
		E4CF87271D2D3512006B3B0F /* Sources */ = {
			isa = PBXSourcesBuildPhase;
			buildActionMask = 2147483647;
			files = (
				E4CF87341D2D38E0006B3B0F /* sockets.cpp in Sources */,
			);
			runOnlyForDeploymentPostprocessing = 0;
		};
		E4E10B831ACA98EE0072B4C8 /* Sources */ = {
			isa = PBXSourcesBuildPhase;
			buildActionMask = 2147483647;
			files = (
				E4E10B8B1ACA994B0072B4C8 /* files.cpp in Sources */,
			);
			runOnlyForDeploymentPostprocessing = 0;
		};
/* End PBXSourcesBuildPhase section */

/* Begin XCBuildConfiguration section */
		E4A797DC1D37DC8D0048DA41 /* Debug */ = {
			isa = XCBuildConfiguration;
			buildSettings = {
				CODE_SIGN_IDENTITY = "-";
				DEBUG_INFORMATION_FORMAT = dwarf;
				DYLIB_COMPATIBILITY_VERSION = 1;
				DYLIB_CURRENT_VERSION = 1;
				EXECUTABLE_PREFIX = "";
				GCC_NO_COMMON_BLOCKS = YES;
				HEADER_SEARCH_PATHS = /usr/local/include;
				LIBRARY_SEARCH_PATHS = /usr/local/lib;
				MACOSX_DEPLOYMENT_TARGET = 10.11;
				OTHER_LDFLAGS = (
					"-undefined",
					dynamic_lookup,
					"-lallegro_color",
					"-lallegro_primitives",
					"-lallegro",
				);
				PRODUCT_NAME = "$(TARGET_NAME)";
			};
			name = Debug;
		};
		E4A797DD1D37DC8D0048DA41 /* Release */ = {
			isa = XCBuildConfiguration;
			buildSettings = {
				CODE_SIGN_IDENTITY = "-";
				DYLIB_COMPATIBILITY_VERSION = 1;
				DYLIB_CURRENT_VERSION = 1;
				EXECUTABLE_PREFIX = "";
				GCC_NO_COMMON_BLOCKS = YES;
				HEADER_SEARCH_PATHS = /usr/local/include;
				LIBRARY_SEARCH_PATHS = /usr/local/lib;
				MACOSX_DEPLOYMENT_TARGET = 10.11;
				OTHER_LDFLAGS = (
					"-undefined",
					dynamic_lookup,
					"-lallegro_color",
					"-lallegro_primitives",
					"-lallegro",
				);
				PRODUCT_NAME = "$(TARGET_NAME)";
			};
			name = Release;
		};
		E4CF872E1D2D3512006B3B0F /* Debug */ = {
			isa = XCBuildConfiguration;
			buildSettings = {
				COMBINE_HIDPI_IMAGES = YES;
				DYLIB_COMPATIBILITY_VERSION = 1;
				DYLIB_CURRENT_VERSION = 1;
				EXECUTABLE_PREFIX = "";
				GCC_PREPROCESSOR_DEFINITIONS = (
					"DEBUG=1",
					"$(inherited)",
				);
				PRODUCT_NAME = "$(TARGET_NAME)";
			};
			name = Debug;
		};
		E4CF872F1D2D3512006B3B0F /* Release */ = {
			isa = XCBuildConfiguration;
			buildSettings = {
				COMBINE_HIDPI_IMAGES = YES;
				DYLIB_COMPATIBILITY_VERSION = 1;
				DYLIB_CURRENT_VERSION = 1;
				EXECUTABLE_PREFIX = "";
				PRODUCT_NAME = "$(TARGET_NAME)";
			};
			name = Release;
		};
		E4E10B791ACA983B0072B4C8 /* Debug */ = {
			isa = XCBuildConfiguration;
			buildSettings = {
				ALWAYS_SEARCH_USER_PATHS = NO;
				CLANG_CXX_LANGUAGE_STANDARD = "gnu++0x";
				CLANG_CXX_LIBRARY = "libc++";
				CLANG_ENABLE_MODULES = YES;
				CLANG_ENABLE_OBJC_ARC = YES;
				CLANG_WARN_BOOL_CONVERSION = YES;
				CLANG_WARN_CONSTANT_CONVERSION = YES;
				CLANG_WARN_DIRECT_OBJC_ISA_USAGE = YES_ERROR;
				CLANG_WARN_EMPTY_BODY = YES;
				CLANG_WARN_ENUM_CONVERSION = YES;
				CLANG_WARN_INT_CONVERSION = YES;
				CLANG_WARN_OBJC_ROOT_CLASS = YES_ERROR;
				CLANG_WARN_UNREACHABLE_CODE = YES;
				CLANG_WARN__DUPLICATE_METHOD_MATCH = YES;
				COPY_PHASE_STRIP = NO;
				ENABLE_STRICT_OBJC_MSGSEND = YES;
				ENABLE_TESTABILITY = YES;
				EXECUTABLE_EXTENSION = so;
				GCC_C_LANGUAGE_STANDARD = gnu99;
				GCC_DYNAMIC_NO_PIC = NO;
				GCC_OPTIMIZATION_LEVEL = 0;
				GCC_PREPROCESSOR_DEFINITIONS = (
					"DEBUG=1",
					"$(inherited)",
				);
				GCC_SYMBOLS_PRIVATE_EXTERN = NO;
				GCC_WARN_64_TO_32_BIT_CONVERSION = YES;
				GCC_WARN_ABOUT_RETURN_TYPE = YES_ERROR;
				GCC_WARN_UNDECLARED_SELECTOR = YES;
				GCC_WARN_UNINITIALIZED_AUTOS = YES_AGGRESSIVE;
				GCC_WARN_UNUSED_FUNCTION = YES;
				GCC_WARN_UNUSED_VARIABLE = YES;
				MACOSX_DEPLOYMENT_TARGET = 10.10;
				MTL_ENABLE_DEBUG_INFO = YES;
				ONLY_ACTIVE_ARCH = YES;
				OTHER_LDFLAGS = (
					"-undefined",
					dynamic_lookup,
				);
				SDKROOT = macosx;
			};
			name = Debug;
		};
		E4E10B7A1ACA983B0072B4C8 /* Release */ = {
			isa = XCBuildConfiguration;
			buildSettings = {
				ALWAYS_SEARCH_USER_PATHS = NO;
				CLANG_CXX_LANGUAGE_STANDARD = "gnu++0x";
				CLANG_CXX_LIBRARY = "libc++";
				CLANG_ENABLE_MODULES = YES;
				CLANG_ENABLE_OBJC_ARC = YES;
				CLANG_WARN_BOOL_CONVERSION = YES;
				CLANG_WARN_CONSTANT_CONVERSION = YES;
				CLANG_WARN_DIRECT_OBJC_ISA_USAGE = YES_ERROR;
				CLANG_WARN_EMPTY_BODY = YES;
				CLANG_WARN_ENUM_CONVERSION = YES;
				CLANG_WARN_INT_CONVERSION = YES;
				CLANG_WARN_OBJC_ROOT_CLASS = YES_ERROR;
				CLANG_WARN_UNREACHABLE_CODE = YES;
				CLANG_WARN__DUPLICATE_METHOD_MATCH = YES;
				COPY_PHASE_STRIP = NO;
				DEBUG_INFORMATION_FORMAT = "dwarf-with-dsym";
				ENABLE_NS_ASSERTIONS = NO;
				ENABLE_STRICT_OBJC_MSGSEND = YES;
				EXECUTABLE_EXTENSION = so;
				GCC_C_LANGUAGE_STANDARD = gnu99;
				GCC_WARN_64_TO_32_BIT_CONVERSION = YES;
				GCC_WARN_ABOUT_RETURN_TYPE = YES_ERROR;
				GCC_WARN_UNDECLARED_SELECTOR = YES;
				GCC_WARN_UNINITIALIZED_AUTOS = YES_AGGRESSIVE;
				GCC_WARN_UNUSED_FUNCTION = YES;
				GCC_WARN_UNUSED_VARIABLE = YES;
				MACOSX_DEPLOYMENT_TARGET = 10.10;
				MTL_ENABLE_DEBUG_INFO = NO;
				OTHER_LDFLAGS = (
					"-undefined",
					dynamic_lookup,
				);
				SDKROOT = macosx;
			};
			name = Release;
		};
		E4E10B891ACA98EF0072B4C8 /* Debug */ = {
			isa = XCBuildConfiguration;
			buildSettings = {
				COMBINE_HIDPI_IMAGES = YES;
				DYLIB_COMPATIBILITY_VERSION = 1;
				DYLIB_CURRENT_VERSION = 1;
				EXECUTABLE_PREFIX = "";
				GCC_PREPROCESSOR_DEFINITIONS = (
					"DEBUG=1",
					"$(inherited)",
				);
				PRODUCT_NAME = "$(TARGET_NAME)";
			};
			name = Debug;
		};
		E4E10B8A1ACA98EF0072B4C8 /* Release */ = {
			isa = XCBuildConfiguration;
			buildSettings = {
				COMBINE_HIDPI_IMAGES = YES;
				DYLIB_COMPATIBILITY_VERSION = 1;
				DYLIB_CURRENT_VERSION = 1;
				EXECUTABLE_PREFIX = "";
				PRODUCT_NAME = "$(TARGET_NAME)";
			};
			name = Release;
		};
/* End XCBuildConfiguration section */

/* Begin XCConfigurationList section */
		E4A797DB1D37DC8D0048DA41 /* Build configuration list for PBXNativeTarget "allegro" */ = {
			isa = XCConfigurationList;
			buildConfigurations = (
				E4A797DC1D37DC8D0048DA41 /* Debug */,
				E4A797DD1D37DC8D0048DA41 /* Release */,
			);
			defaultConfigurationIsVisible = 0;
			defaultConfigurationName = Release;
		};
		E4CF872D1D2D3512006B3B0F /* Build configuration list for PBXNativeTarget "sockets" */ = {
			isa = XCConfigurationList;
			buildConfigurations = (
				E4CF872E1D2D3512006B3B0F /* Debug */,
				E4CF872F1D2D3512006B3B0F /* Release */,
			);
			defaultConfigurationIsVisible = 0;
			defaultConfigurationName = Release;
		};
		E4E10B721ACA983B0072B4C8 /* Build configuration list for PBXProject "DefaultPackages" */ = {
			isa = XCConfigurationList;
			buildConfigurations = (
				E4E10B791ACA983B0072B4C8 /* Debug */,
				E4E10B7A1ACA983B0072B4C8 /* Release */,
			);
			defaultConfigurationIsVisible = 0;
			defaultConfigurationName = Release;
		};
		E4E10B881ACA98EF0072B4C8 /* Build configuration list for PBXNativeTarget "files" */ = {
			isa = XCConfigurationList;
			buildConfigurations = (
				E4E10B891ACA98EF0072B4C8 /* Debug */,
				E4E10B8A1ACA98EF0072B4C8 /* Release */,
			);
			defaultConfigurationIsVisible = 0;
			defaultConfigurationName = Release;
		};
/* End XCConfigurationList section */
	};
	rootObject = E4E10B6F1ACA983B0072B4C8 /* Project object */;
}
